// !$*UTF8*$!
{
	archiveVersion = 1;
	classes = {
	};
	objectVersion = 77;
	objects = {

/* Begin PBXBuildFile section */
		015A1C0A7ACD4E859A6C1001 /* FocusLiveActivityWidget.swift in Sources */ = {isa = PBXBuildFile; fileRef = 015A1C0A7ACD4E859A6C1004 /* FocusLiveActivityWidget.swift */; };
		015A1C0A7ACD4E859A6C1002 /* FocusActivityAttributes.swift in Sources */ = {isa = PBXBuildFile; fileRef = BD382E4EC4F91B19DBAAEBE9 /* FocusActivityAttributes.swift */; };
		023A05EB55F55F79D54F90CE /* LICENSE-fonts.txt in Resources */ = {isa = PBXBuildFile; fileRef = 85209F3782FB0725D10573E4 /* LICENSE-fonts.txt */; };
		0541AF535E379A7DEFFAA022 /* RareRewardLedgerV2Tests.swift in Sources */ = {isa = PBXBuildFile; fileRef = FB5F1784DDABB999A89E1089 /* RareRewardLedgerV2Tests.swift */; };
		06F42572A5C014FB4D4E14E2 /* ShareComposerView.swift in Sources */ = {isa = PBXBuildFile; fileRef = A0AC4CADB3DFF6C13A05574F /* ShareComposerView.swift */; };
		08848B75ED449E4E6D50BC30 /* FocusCompletionFailureRecoveryUITests.swift in Sources */ = {isa = PBXBuildFile; fileRef = E25508A96354FF62F238B64A /* FocusCompletionFailureRecoveryUITests.swift */; };
		0CA2B9640408052EF6CBB492 /* StrataRenderer.swift in Sources */ = {isa = PBXBuildFile; fileRef = 98E553F0F26B285920871AFF /* StrataRenderer.swift */; };
		0E2B5B7B94B6F3B33B8F51D8 /* SubjectNamePolicy.swift in Sources */ = {isa = PBXBuildFile; fileRef = 178BAF5A59261AC9EEBFEA94 /* SubjectNamePolicy.swift */; };
		10867B6305BC13668DAB6959 /* PersistenceStoreTopologyTests.swift in Sources */ = {isa = PBXBuildFile; fileRef = DB90B22380765E400B9F6F67 /* PersistenceStoreTopologyTests.swift */; };
		114BE1BAC2235E5E79AEDB6D /* CompleteDataDeletionCoordinator.swift in Sources */ = {isa = PBXBuildFile; fileRef = 0824371DC667949DED0D8EFE /* CompleteDataDeletionCoordinator.swift */; };
		11602C1DD119F3C20ACB8CFE /* Theme.swift in Sources */ = {isa = PBXBuildFile; fileRef = A3235FD2F984472DB045B628 /* Theme.swift */; };
		11A16ADA0F934CD5442C84C7 /* PrivacyInfo.xcprivacy in Resources */ = {isa = PBXBuildFile; fileRef = 57F7E49A768D959A39FCC0BE /* PrivacyInfo.xcprivacy */; };
		13323BA58284960AEDB234B2 /* SeedData.swift in Sources */ = {isa = PBXBuildFile; fileRef = 8FF1F5A65B8AE3F5257274DF /* SeedData.swift */; };
		146E69E947720D3D60158AF9 /* CompleteDataDeletionFileStateStore.swift in Sources */ = {isa = PBXBuildFile; fileRef = 5ED7E4A326B82DBD568454B5 /* CompleteDataDeletionFileStateStore.swift */; };
		15ABA41107A98AB410E87F9D /* PaywallView.swift in Sources */ = {isa = PBXBuildFile; fileRef = 089CB939C5D625A11474D3DE /* PaywallView.swift */; };
		178660AD846DAB2B85188A67 /* JarSnapshotter.swift in Sources */ = {isa = PBXBuildFile; fileRef = 9B44F80B38C86954A4CB2CEB /* JarSnapshotter.swift */; };
		1F41663A150CD6AFC189B350 /* FocusCloudSyncTests.swift in Sources */ = {isa = PBXBuildFile; fileRef = 740011241ECC8D078F7C1BB4 /* FocusCloudSyncTests.swift */; };
		21E633BD69FCD55785C4D3DC /* PebbleRadiusPolicyTests.swift in Sources */ = {isa = PBXBuildFile; fileRef = 8F39439D47563884196D662B /* PebbleRadiusPolicyTests.swift */; };
		22C382A06A98D3F062782EE7 /* AnimatedShareExporter.swift in Sources */ = {isa = PBXBuildFile; fileRef = A0811719F6DEC4A7B667D176 /* AnimatedShareExporter.swift */; };
		2556D3D7A4F96C82EDFC1546 /* SyncMaintenance.swift in Sources */ = {isa = PBXBuildFile; fileRef = 9AF055ADF52654D57A509EB5 /* SyncMaintenance.swift */; };
		2BB48552EB296B9AAAC3CD8E /* SubjectNamePolicyTests.swift in Sources */ = {isa = PBXBuildFile; fileRef = 0A51FC251B45063440930186 /* SubjectNamePolicyTests.swift */; };
		2C41ABE2A4CB34C7D5EF7C7A /* HomeProjectionTests.swift in Sources */ = {isa = PBXBuildFile; fileRef = BDACE2543FDE350F60559768 /* HomeProjectionTests.swift */; };
		2E25765BB875C2AE1F4E454D /* PomodoroEngineTests.swift in Sources */ = {isa = PBXBuildFile; fileRef = 33691355F7487561988EDF71 /* PomodoroEngineTests.swift */; };
		2E4ACD2A91E52859FC17C036 /* AccumulationPlanProjection.swift in Sources */ = {isa = PBXBuildFile; fileRef = D0EE2EF542389141EF2BA5D6 /* AccumulationPlanProjection.swift */; };
		34D194385A31A1EA112112A3 /* AccumulationTimelineRepositoryTests.swift in Sources */ = {isa = PBXBuildFile; fileRef = E2AB270A585B10F71A4B0D16 /* AccumulationTimelineRepositoryTests.swift */; };
		3632958EE91E73780D88D17C /* AccumulationTimelineBrowser.swift in Sources */ = {isa = PBXBuildFile; fileRef = EF9CDD2C2DC72F1A5BDE7AC6 /* AccumulationTimelineBrowser.swift */; };
		386CF891C3E45842D98A80AA /* FocusView.swift in Sources */ = {isa = PBXBuildFile; fileRef = 4533919632EB23D6E903A118 /* FocusView.swift */; };
		38D71CB98CC422C8E4B0AA83 /* StrataMathTests.swift in Sources */ = {isa = PBXBuildFile; fileRef = F41C5BEB983B53D8514E6F3B /* StrataMathTests.swift */; };
		3C865BFD7D1D6422A3D72FF1 /* FortyYearPersistenceHarnessTests.swift in Sources */ = {isa = PBXBuildFile; fileRef = EBFA486B91824F9371C61E99 /* FortyYearPersistenceHarnessTests.swift */; };
		3F9B626C3CFCF27A9686B13F /* CriticalFlowAdversarialUITests.swift in Sources */ = {isa = PBXBuildFile; fileRef = 229AACD1A9C3128089054506 /* CriticalFlowAdversarialUITests.swift */; };
		4114302AF15E55A6AB08DA74 /* CompleteDataDeletionTests.swift in Sources */ = {isa = PBXBuildFile; fileRef = EB809D5776C9CCD04422A73F /* CompleteDataDeletionTests.swift */; };
		41282959C0CE2757922656B0 /* CloudSyncMonitor.swift in Sources */ = {isa = PBXBuildFile; fileRef = D64D333678DEAE0909AA40B5 /* CloudSyncMonitor.swift */; };
		41402D4540054794D3BBE4DA /* RareRewardCloudKitLedgerRepository.swift in Sources */ = {isa = PBXBuildFile; fileRef = D02564D510EB30F52B6BBF91 /* RareRewardCloudKitLedgerRepository.swift */; };
		4194F34DBDC650DE21B876E3 /* FortyYearPersistentUITestFixture.swift in Sources */ = {isa = PBXBuildFile; fileRef = AF4FE4F2F73DF52EA727CE0D /* FortyYearPersistentUITestFixture.swift */; };
		4218EC09ED3A3946E02E0394 /* FusionHierarchyPresentationTests.swift in Sources */ = {isa = PBXBuildFile; fileRef = 49D6024C62E2FDECB4004C49 /* FusionHierarchyPresentationTests.swift */; };
		47DCF33FF3C872485EA225F8 /* GachaHistoryReconciliationTests.swift in Sources */ = {isa = PBXBuildFile; fileRef = 2A60BEDD0A2FC5DE74C58538 /* GachaHistoryReconciliationTests.swift */; };
		47E044726FCB7124C1AEF3A2 /* GachaTests.swift in Sources */ = {isa = PBXBuildFile; fileRef = B34AF122DD7CC33B86DFAD6D /* GachaTests.swift */; };
		487617D8C55FFD9EB82B0BFB /* UsagePurposeTests.swift in Sources */ = {isa = PBXBuildFile; fileRef = 7E3A2802584FC02352565680 /* UsagePurposeTests.swift */; };
		48D056DBDE43AE583EE3759B /* AppLinks.swift in Sources */ = {isa = PBXBuildFile; fileRef = 30478FF59FA45F9118BC5427 /* AppLinks.swift */; };
		4ADF987F095715053697F344 /* JarSpriteView.swift in Sources */ = {isa = PBXBuildFile; fileRef = 19DA230654CC3DCB0D3433CE /* JarSpriteView.swift */; };
		4B164FD3B393C69D3D991615 /* FortyYearDebugScenario.swift in Sources */ = {isa = PBXBuildFile; fileRef = BF553C85A1696C726D6D9805 /* FortyYearDebugScenario.swift */; };
		4EA21F1D4D0CE649CD712065 /* AppRouter.swift in Sources */ = {isa = PBXBuildFile; fileRef = A9E03779EC2F1C921472B8AB /* AppRouter.swift */; };
		502052977A5D1A9A5404CC80 /* PebbleNode.swift in Sources */ = {isa = PBXBuildFile; fileRef = 190686F8D57FCE0B8676EB41 /* PebbleNode.swift */; };
		503FA717EAE6AA21EF3C607E /* LogView.swift in Sources */ = {isa = PBXBuildFile; fileRef = FCD5BD656B5152CA892547E5 /* LogView.swift */; };
		538FCA50D38031C5D3E209CC /* PersistenceStoreTopology.swift in Sources */ = {isa = PBXBuildFile; fileRef = C9FF268978B24949C34A680A /* PersistenceStoreTopology.swift */; };
		53EEA8AF8CEBD82F64FF499E /* AggregatePersistenceFailureRecoveryUITests.swift in Sources */ = {isa = PBXBuildFile; fileRef = 9B0FEC55240400F03893D529 /* AggregatePersistenceFailureRecoveryUITests.swift */; };
		5508C4E30BAD24A62678E4C7 /* FocusPersistence.swift in Sources */ = {isa = PBXBuildFile; fileRef = BE7ED473D636DCD45412B726 /* FocusPersistence.swift */; };
		566F287FF912A184CD2F4A8C /* AccumulationPlanView.swift in Sources */ = {isa = PBXBuildFile; fileRef = 984E4A2EB17610C215B06BDE /* AccumulationPlanView.swift */; };
		56E9D655323D5C4CC06F24FB /* FairnessPolicy.swift in Sources */ = {isa = PBXBuildFile; fileRef = 313E57CBBFED1C76AFE39CA1 /* FairnessPolicy.swift */; };
		59BD07058D1F43E787FE52C5 /* AnimatedShareExporterTests.swift in Sources */ = {isa = PBXBuildFile; fileRef = D52A832B83ED26FEA9D8E4C1 /* AnimatedShareExporterTests.swift */; };
		5AEFCF39AD00C4619B5F7611 /* BreakTimerView.swift in Sources */ = {isa = PBXBuildFile; fileRef = 1729068C1DA34C45E1995436 /* BreakTimerView.swift */; };
		5B0126644FD4304693D55E30 /* RareRewardLedgerLocalState.swift in Sources */ = {isa = PBXBuildFile; fileRef = 1C392D3769E65E287EE4CA75 /* RareRewardLedgerLocalState.swift */; };
		5D02334EACA13E654AD79C08 /* TsumibenDataExporter.swift in Sources */ = {isa = PBXBuildFile; fileRef = 6A9A0A802CAB283CC0784604 /* TsumibenDataExporter.swift */; };
		5D4A0D07F21A4FC2D50235AF /* UsagePurpose.swift in Sources */ = {isa = PBXBuildFile; fileRef = E07668FCCBB7B41086540A6E /* UsagePurpose.swift */; };
		5EAF35A8A3A4C3B53DE3CE1E /* StrataMath.swift in Sources */ = {isa = PBXBuildFile; fileRef = 84C8962A3B1FA993FFD4BFA5 /* StrataMath.swift */; };
		5F7B9593B4CA5702F5E94E16 /* BoundedLaunchPreparation.swift in Sources */ = {isa = PBXBuildFile; fileRef = 5F2FE98B4295BDD352C956DD /* BoundedLaunchPreparation.swift */; };
		671A75A35F9FCE9F7F1E49A2 /* CompleteDataDeletionLaunchPreflight.swift in Sources */ = {isa = PBXBuildFile; fileRef = CCE85735933805E79833350F /* CompleteDataDeletionLaunchPreflight.swift */; };
		671ABE14B4B8C5BDB61285B6 /* ProgressPresentationTests.swift in Sources */ = {isa = PBXBuildFile; fileRef = 5DED89039951EC6BFAD9B14F /* ProgressPresentationTests.swift */; };
		6BE5754417F3928192E6F480 /* SettingsView.swift in Sources */ = {isa = PBXBuildFile; fileRef = 4DD010C324C22522F100CA61 /* SettingsView.swift */; };
		6C2D24A1BBFD1C898DC8A19F /* RuntimeFlowAuditUITests.swift in Sources */ = {isa = PBXBuildFile; fileRef = 05520DCF0A7CE695D6DD90C2 /* RuntimeFlowAuditUITests.swift */; };
		6E498835016DC3DFC00A419A /* PomodoroEngine.swift in Sources */ = {isa = PBXBuildFile; fileRef = C635D2D35D4CF24A360D201C /* PomodoroEngine.swift */; };
		6F428CCA435A1C90583357EB /* AccumulationOverviewView.swift in Sources */ = {isa = PBXBuildFile; fileRef = 78307063D9A0313AA7E1F666 /* AccumulationOverviewView.swift */; };
		701535CFBE134C11CD8C55C6 /* SeedDataTests.swift in Sources */ = {isa = PBXBuildFile; fileRef = 9D6DEAFBFE5D7478AF7E53AC /* SeedDataTests.swift */; };
		73988627CE86EDE72E7B7056 /* AccumulationPlanProjectionTests.swift in Sources */ = {isa = PBXBuildFile; fileRef = 02055FE9589A94DEB2ECCEFA /* AccumulationPlanProjectionTests.swift */; };
		7A89E742682BB4770FDFFB09 /* ZenMaruGothic-Black.ttf in Resources */ = {isa = PBXBuildFile; fileRef = 35875BB9C6A15277F1C8C5F9 /* ZenMaruGothic-Black.ttf */; };
		7C4BFB5990FDC9B14BD6A0DE /* TsumibenApp.swift in Sources */ = {isa = PBXBuildFile; fileRef = AFD4CAA0B7FCB1EE600BCF59 /* TsumibenApp.swift */; };
		7E83C0845553183B93789BEA /* TsumibenWidgets.appex in Embed Foundation Extensions */ = {isa = PBXBuildFile; fileRef = 192337E6FA9DF1F8CA717D0C /* TsumibenWidgets.appex */; platformFilters = (ios, ); settings = {ATTRIBUTES = (RemoveHeadersOnCopy, ); }; };
		84BCDF5358940D7CD6033D69 /* Constants.swift in Sources */ = {isa = PBXBuildFile; fileRef = 33DB2C23B9C263BB72EFAFD7 /* Constants.swift */; };
		87530C4372925313438B8C9E /* PrivacyInfo.xcprivacy in Resources */ = {isa = PBXBuildFile; fileRef = BC9FCBBBB5ADD572A120887F /* PrivacyInfo.xcprivacy */; };
		8A43DAA2AE7E45DAC2B57137 /* RootView.swift in Sources */ = {isa = PBXBuildFile; fileRef = C0B57E2A51F8D9B3BCAC0AD3 /* RootView.swift */; };
		8E6DE98D0C70E5E5F7E69853 /* TsumibenLogo.swift in Sources */ = {isa = PBXBuildFile; fileRef = 3547404A69ECEC83D6633098 /* TsumibenLogo.swift */; };
		8F5EBD5EA2651C0DD53A8ADF /* Analytics.swift in Sources */ = {isa = PBXBuildFile; fileRef = B77FA0E576927411295B49F6 /* Analytics.swift */; };
		91CA6EC076144C0D78BB06F3 /* TsumibenWidgetsBundle.swift in Sources */ = {isa = PBXBuildFile; fileRef = 9EA503DBE4FE49A7DE5429C1 /* TsumibenWidgetsBundle.swift */; };
		924E0F53D5083EB109C87539 /* CompleteDataDeletionTypes.swift in Sources */ = {isa = PBXBuildFile; fileRef = 5D7584A16044B2EF53C1CA5E /* CompleteDataDeletionTypes.swift */; };
		93BA362C43CA15922D243052 /* CompleteDataDeletionCloudKitStore.swift in Sources */ = {isa = PBXBuildFile; fileRef = 1F7D9CFCF0DEDC888353B6E2 /* CompleteDataDeletionCloudKitStore.swift */; };
		94B33D7D12BB0D73F905DEE3 /* RareRewardLedgerV2.swift in Sources */ = {isa = PBXBuildFile; fileRef = 17BCFE36BE3EAA14F8F9DB37 /* RareRewardLedgerV2.swift */; };
		95E12FD57332C8DD050E2009 /* PurchaseManager.swift in Sources */ = {isa = PBXBuildFile; fileRef = CB54BA2BA5663D65BFB6ADCA /* PurchaseManager.swift */; };
		970E290C033EBE32E39746CA /* UITestFaultInjection.swift in Sources */ = {isa = PBXBuildFile; fileRef = 074BA2ACD5F7043A28EC8864 /* UITestFaultInjection.swift */; };
		9BE23A45D1EAD35BC69901D1 /* EffortConstellationView.swift in Sources */ = {isa = PBXBuildFile; fileRef = 17663D38DDCA43D416F441D8 /* EffortConstellationView.swift */; };
		A28321B621F0235F909F86C6 /* GIFShareLifecycleUITests.swift in Sources */ = {isa = PBXBuildFile; fileRef = 5185577B511927770F17FDF2 /* GIFShareLifecycleUITests.swift */; };
		A2AEE2C53ED19738753A1B02 /* ActivityResetTests.swift in Sources */ = {isa = PBXBuildFile; fileRef = C577AA82AE69DE55FD22EF3C /* ActivityResetTests.swift */; };
		A3CB88EEB443F848C555865E /* NotificationManager.swift in Sources */ = {isa = PBXBuildFile; fileRef = A528B3E6E31A97D4769262C2 /* NotificationManager.swift */; };
		A56EC660BE7B02DE58CB9F61 /* ShareActivityItemSource.swift in Sources */ = {isa = PBXBuildFile; fileRef = 1E1E7F1B3365798699074252 /* ShareActivityItemSource.swift */; };
		A61841C9730624D6C14D747C /* CompleteDataDeletionSystemAdapters.swift in Sources */ = {isa = PBXBuildFile; fileRef = 8FC0AD9958AB0FC01226C227 /* CompleteDataDeletionSystemAdapters.swift */; };
		AD28561D2130EB4B7BD23B77 /* AccessibilityAdversarialUITests.swift in Sources */ = {isa = PBXBuildFile; fileRef = 514A1D4F39E17797BA0AC021 /* AccessibilityAdversarialUITests.swift */; };
		B20E0877622EE34DEAB5CAE5 /* IntegrationConstants.swift in Sources */ = {isa = PBXBuildFile; fileRef = 79F27A49EFFF72B2F9F26BD5 /* IntegrationConstants.swift */; };
		B3B389684ED204C7F85727FA /* SyncMaintenanceWorkerTests.swift in Sources */ = {isa = PBXBuildFile; fileRef = 05A2492D7FA3C06AA783E0E5 /* SyncMaintenanceWorkerTests.swift */; };
		B47DA137A2917A2685E6387B /* ProgressCrystal.swift in Sources */ = {isa = PBXBuildFile; fileRef = 5553ECC42AC18B0B76904BFB /* ProgressCrystal.swift */; };
		B5ED8FDD4EFDF1DC55D7E42C /* FortyYearPersistenceHarness.swift in Sources */ = {isa = PBXBuildFile; fileRef = 11032FEE2FEEA592E0CBF2C9 /* FortyYearPersistenceHarness.swift */; };
		BBB0D572C45C9EA8B8EA4D6F /* SoundSynth.swift in Sources */ = {isa = PBXBuildFile; fileRef = 0EDF0BBD915799356E9DDBFE /* SoundSynth.swift */; };
		BECD28DFB89F51458A837186 /* FocusActivityAttributes.swift in Sources */ = {isa = PBXBuildFile; fileRef = BD382E4EC4F91B19DBAAEBE9 /* FocusActivityAttributes.swift */; };
		C56514839B463264E5F240D1 /* FortyYearPersistentColdLaunchUITests.swift in Sources */ = {isa = PBXBuildFile; fileRef = 605B8884622945193CA842EA /* FortyYearPersistentColdLaunchUITests.swift */; };
		C5E225B84D92079EEF517CBF /* DecimalFusionEndToEndUITests.swift in Sources */ = {isa = PBXBuildFile; fileRef = 77F4A863164FAAD25B5EB629 /* DecimalFusionEndToEndUITests.swift */; };
		C747CC3305EE165DB547E448 /* FocusPersistenceTests.swift in Sources */ = {isa = PBXBuildFile; fileRef = 95E8EF09BF161DDBA50D794D /* FocusPersistenceTests.swift */; };
		C8E8C119F5BDEB030DF46317 /* Haptics.swift in Sources */ = {isa = PBXBuildFile; fileRef = 5BE70885A86E6C27C1D3C9C7 /* Haptics.swift */; };
		C920B13257B6386B3DDDA2AB /* SyncMaintenanceWorker.swift in Sources */ = {isa = PBXBuildFile; fileRef = C015387A23E4A104ACCBFD7C /* SyncMaintenanceWorker.swift */; };
		C9F2CE62EB34E1D5DAF18ABA /* PostDropProgressAccessibilityPresentationTests.swift in Sources */ = {isa = PBXBuildFile; fileRef = CF7A7A7B0E25C3C1A0D7E78F /* PostDropProgressAccessibilityPresentationTests.swift */; };
		CDCBC694B1024C734116A7FA /* Models.swift in Sources */ = {isa = PBXBuildFile; fileRef = E5C13338940AD3B72B8A5EFB /* Models.swift */; };
		CF49AE688709884C9670630D /* WidgetSnapshotMetadata.swift in Sources */ = {isa = PBXBuildFile; fileRef = E1BDA6AA7BF5942D9C54A100 /* WidgetSnapshotMetadata.swift */; };
		CF6975D7354F3678DA133D12 /* HomeView.swift in Sources */ = {isa = PBXBuildFile; fileRef = 327F07464356FBA486575D85 /* HomeView.swift */; };
		D0088DFE2AADE0C27024018C /* WidgetSnapshotStore.swift in Sources */ = {isa = PBXBuildFile; fileRef = E2690205659DBB8B01C1132D /* WidgetSnapshotStore.swift */; };
		D2CC5891707BA8750EC0328B /* LocalPreviewLaunchPolicyTests.swift in Sources */ = {isa = PBXBuildFile; fileRef = 341F86FD8184453FD0A28367 /* LocalPreviewLaunchPolicyTests.swift */; };
		D5F0515D498394DFCC0112E0 /* AccumulationTimelineRepository.swift in Sources */ = {isa = PBXBuildFile; fileRef = 26DFBB8269420354C3AB660A /* AccumulationTimelineRepository.swift */; };
		D6B00E39DCE24850B7CF79BA /* Assets.xcassets in Resources */ = {isa = PBXBuildFile; fileRef = 8B78A8F57E35F86965173419 /* Assets.xcassets */; };
		D959787F25EE7E1626D20453 /* EngagementOverviewUITests.swift in Sources */ = {isa = PBXBuildFile; fileRef = 43C3B70E3DE901A1613D1E59 /* EngagementOverviewUITests.swift */; };
		D9860B0685CBA18A81E654ED /* ActivityDataReset.swift in Sources */ = {isa = PBXBuildFile; fileRef = 5FF2AD50BA8434F1D4D3E272 /* ActivityDataReset.swift */; };
		DBFD6600299736B37066E4B4 /* TsumibenDataExporterTests.swift in Sources */ = {isa = PBXBuildFile; fileRef = B2D5FBE54608288B808F09AB /* TsumibenDataExporterTests.swift */; };
		DDBAFB7404BF4ABF7933D60D /* HomeProjectionSupport.swift in Sources */ = {isa = PBXBuildFile; fileRef = 65548B98D1793F0EDA5F9556 /* HomeProjectionSupport.swift */; };
		DE09BB9E313A2380730AAF97 /* OnboardingView.swift in Sources */ = {isa = PBXBuildFile; fileRef = B5A62D287A12F1D3E7D2EEB0 /* OnboardingView.swift */; };
		DE9277608433E703D0356FC5 /* FocusActivityManager.swift in Sources */ = {isa = PBXBuildFile; fileRef = 3B8A8CDCBCE6F6F2C9D2359A /* FocusActivityManager.swift */; };
		E0A7E7EE3CF0466F1FCB45D7 /* FortyYearDebugScenarioTests.swift in Sources */ = {isa = PBXBuildFile; fileRef = D33D0E9AF8F94F6A7B73A496 /* FortyYearDebugScenarioTests.swift */; };
		E3DAF67E2FD2630679BF53ED /* JarInteractionUITests.swift in Sources */ = {isa = PBXBuildFile; fileRef = F29855F3BD59CC2D90F4A32C /* JarInteractionUITests.swift */; };
		E54318117355AFEAC6EB6A5F /* BoundedLaunchPreparationTests.swift in Sources */ = {isa = PBXBuildFile; fileRef = 224421F20AA63D1359963581 /* BoundedLaunchPreparationTests.swift */; };
		E9EE5B425C5B48AA8F393B57 /* GachaEngine.swift in Sources */ = {isa = PBXBuildFile; fileRef = 695AD1473A78C93C4048DB2D /* GachaEngine.swift */; };
		EBF632EDE955E1C91ADCAD25 /* JarWidgets.swift in Sources */ = {isa = PBXBuildFile; fileRef = 42DC738956E57636BC2CDC72 /* JarWidgets.swift */; };
		EDCA4F53B47CACF04DC917C3 /* FairnessTests.swift in Sources */ = {isa = PBXBuildFile; fileRef = 81736EB30228B5599E412FF9 /* FairnessTests.swift */; };
		EF2E141C41CBEA7636615763 /* JarScene.swift in Sources */ = {isa = PBXBuildFile; fileRef = C6C9C5283D97D8D95D89D8A1 /* JarScene.swift */; };
		EF9A6CA9C8BFB5C5A7AAB4E6 /* AccumulationOverviewLoader.swift in Sources */ = {isa = PBXBuildFile; fileRef = D8733D4BA3F9484E2E4C057B /* AccumulationOverviewLoader.swift */; };
		FC0BBED1D663723D77670C3F /* ProTransactionDeliveryTests.swift in Sources */ = {isa = PBXBuildFile; fileRef = B37C4DA048F30D1496E67B2A /* ProTransactionDeliveryTests.swift */; };
		FDE362F2053637C72E8B5B06 /* WrappedView.swift in Sources */ = {isa = PBXBuildFile; fileRef = BE1477DF3AE1A285E0F1C16C /* WrappedView.swift */; };
		FE17DACC2DE107E1D6D2A5FB /* FocusCloudSync.swift in Sources */ = {isa = PBXBuildFile; fileRef = 4A462688FA71840C5616D07A /* FocusCloudSync.swift */; };
		FFA0E9EB2ED1DDFDC05FCD97 /* HomeAtmosphereTests.swift in Sources */ = {isa = PBXBuildFile; fileRef = 4DCC0613927C800681E1AF1A /* HomeAtmosphereTests.swift */; };
/* End PBXBuildFile section */

/* Begin PBXContainerItemProxy section */
		1AA414E3FA663670A3070D39 /* PBXContainerItemProxy */ = {
			isa = PBXContainerItemProxy;
			containerPortal = 192D5E1C7274C4B6707535EF /* Project object */;
			proxyType = 1;
			remoteGlobalIDString = 76AF49875C08E4A3941336A7;
			remoteInfo = Tsumiben;
		};
		24DDD7F7B7661CBF017A4E44 /* PBXContainerItemProxy */ = {
			isa = PBXContainerItemProxy;
			containerPortal = 192D5E1C7274C4B6707535EF /* Project object */;
			proxyType = 1;
			remoteGlobalIDString = 76AF49875C08E4A3941336A7;
			remoteInfo = Tsumiben;
		};
		D74D613E983F432720445824 /* PBXContainerItemProxy */ = {
			isa = PBXContainerItemProxy;
			containerPortal = 192D5E1C7274C4B6707535EF /* Project object */;
			proxyType = 1;
			remoteGlobalIDString = D74C0F22AD0BBD97BAB02FA4;
			remoteInfo = TsumibenWidgets;
		};
/* End PBXContainerItemProxy section */

/* Begin PBXCopyFilesBuildPhase section */
		4ADBC45C92D3FE5E40D80E7F /* Embed Foundation Extensions */ = {
			isa = PBXCopyFilesBuildPhase;
			buildActionMask = 2147483647;
			dstPath = "";
			dstSubfolderSpec = 13;
			files = (
				7E83C0845553183B93789BEA /* TsumibenWidgets.appex in Embed Foundation Extensions */,
			);
			name = "Embed Foundation Extensions";
			runOnlyForDeploymentPostprocessing = 0;
		};
/* End PBXCopyFilesBuildPhase section */

/* Begin PBXFileReference section */
		015A1C0A7ACD4E859A6C1004 /* FocusLiveActivityWidget.swift */ = {isa = PBXFileReference; lastKnownFileType = sourcecode.swift; path = FocusLiveActivityWidget.swift; sourceTree = "<group>"; };
		00B9604400D63561A2AE6576 /* Info.plist */ = {isa = PBXFileReference; lastKnownFileType = text.plist; path = Info.plist; sourceTree = "<group>"; };
		02055FE9589A94DEB2ECCEFA /* AccumulationPlanProjectionTests.swift */ = {isa = PBXFileReference; lastKnownFileType = sourcecode.swift; path = AccumulationPlanProjectionTests.swift; sourceTree = "<group>"; };
		05520DCF0A7CE695D6DD90C2 /* RuntimeFlowAuditUITests.swift */ = {isa = PBXFileReference; lastKnownFileType = sourcecode.swift; path = RuntimeFlowAuditUITests.swift; sourceTree = "<group>"; };
		05A2492D7FA3C06AA783E0E5 /* SyncMaintenanceWorkerTests.swift */ = {isa = PBXFileReference; lastKnownFileType = sourcecode.swift; path = SyncMaintenanceWorkerTests.swift; sourceTree = "<group>"; };
		074BA2ACD5F7043A28EC8864 /* UITestFaultInjection.swift */ = {isa = PBXFileReference; lastKnownFileType = sourcecode.swift; path = UITestFaultInjection.swift; sourceTree = "<group>"; };
		0824371DC667949DED0D8EFE /* CompleteDataDeletionCoordinator.swift */ = {isa = PBXFileReference; lastKnownFileType = sourcecode.swift; path = CompleteDataDeletionCoordinator.swift; sourceTree = "<group>"; };
		089CB939C5D625A11474D3DE /* PaywallView.swift */ = {isa = PBXFileReference; lastKnownFileType = sourcecode.swift; path = PaywallView.swift; sourceTree = "<group>"; };
		0A51FC251B45063440930186 /* SubjectNamePolicyTests.swift */ = {isa = PBXFileReference; lastKnownFileType = sourcecode.swift; path = SubjectNamePolicyTests.swift; sourceTree = "<group>"; };
		0EDF0BBD915799356E9DDBFE /* SoundSynth.swift */ = {isa = PBXFileReference; lastKnownFileType = sourcecode.swift; path = SoundSynth.swift; sourceTree = "<group>"; };
		11032FEE2FEEA592E0CBF2C9 /* FortyYearPersistenceHarness.swift */ = {isa = PBXFileReference; lastKnownFileType = sourcecode.swift; path = FortyYearPersistenceHarness.swift; sourceTree = "<group>"; };
		1729068C1DA34C45E1995436 /* BreakTimerView.swift */ = {isa = PBXFileReference; lastKnownFileType = sourcecode.swift; path = BreakTimerView.swift; sourceTree = "<group>"; };
		17663D38DDCA43D416F441D8 /* EffortConstellationView.swift */ = {isa = PBXFileReference; lastKnownFileType = sourcecode.swift; path = EffortConstellationView.swift; sourceTree = "<group>"; };
		178BAF5A59261AC9EEBFEA94 /* SubjectNamePolicy.swift */ = {isa = PBXFileReference; lastKnownFileType = sourcecode.swift; path = SubjectNamePolicy.swift; sourceTree = "<group>"; };
		17BCFE36BE3EAA14F8F9DB37 /* RareRewardLedgerV2.swift */ = {isa = PBXFileReference; lastKnownFileType = sourcecode.swift; path = RareRewardLedgerV2.swift; sourceTree = "<group>"; };
		190686F8D57FCE0B8676EB41 /* PebbleNode.swift */ = {isa = PBXFileReference; lastKnownFileType = sourcecode.swift; path = PebbleNode.swift; sourceTree = "<group>"; };
		192337E6FA9DF1F8CA717D0C /* TsumibenWidgets.appex */ = {isa = PBXFileReference; includeInIndex = 0; lastKnownFileType = "wrapper.app-extension"; path = TsumibenWidgets.appex; sourceTree = BUILT_PRODUCTS_DIR; };
		19DA230654CC3DCB0D3433CE /* JarSpriteView.swift */ = {isa = PBXFileReference; lastKnownFileType = sourcecode.swift; path = JarSpriteView.swift; sourceTree = "<group>"; };
		1C392D3769E65E287EE4CA75 /* RareRewardLedgerLocalState.swift */ = {isa = PBXFileReference; lastKnownFileType = sourcecode.swift; path = RareRewardLedgerLocalState.swift; sourceTree = "<group>"; };
		1E1E7F1B3365798699074252 /* ShareActivityItemSource.swift */ = {isa = PBXFileReference; lastKnownFileType = sourcecode.swift; path = ShareActivityItemSource.swift; sourceTree = "<group>"; };
		1F7D9CFCF0DEDC888353B6E2 /* CompleteDataDeletionCloudKitStore.swift */ = {isa = PBXFileReference; lastKnownFileType = sourcecode.swift; path = CompleteDataDeletionCloudKitStore.swift; sourceTree = "<group>"; };
		224421F20AA63D1359963581 /* BoundedLaunchPreparationTests.swift */ = {isa = PBXFileReference; lastKnownFileType = sourcecode.swift; path = BoundedLaunchPreparationTests.swift; sourceTree = "<group>"; };
		229AACD1A9C3128089054506 /* CriticalFlowAdversarialUITests.swift */ = {isa = PBXFileReference; lastKnownFileType = sourcecode.swift; path = CriticalFlowAdversarialUITests.swift; sourceTree = "<group>"; };
		26DFBB8269420354C3AB660A /* AccumulationTimelineRepository.swift */ = {isa = PBXFileReference; lastKnownFileType = sourcecode.swift; path = AccumulationTimelineRepository.swift; sourceTree = "<group>"; };
		2A60BEDD0A2FC5DE74C58538 /* GachaHistoryReconciliationTests.swift */ = {isa = PBXFileReference; lastKnownFileType = sourcecode.swift; path = GachaHistoryReconciliationTests.swift; sourceTree = "<group>"; };
		30478FF59FA45F9118BC5427 /* AppLinks.swift */ = {isa = PBXFileReference; lastKnownFileType = sourcecode.swift; path = AppLinks.swift; sourceTree = "<group>"; };
		313E57CBBFED1C76AFE39CA1 /* FairnessPolicy.swift */ = {isa = PBXFileReference; lastKnownFileType = sourcecode.swift; path = FairnessPolicy.swift; sourceTree = "<group>"; };
		327F07464356FBA486575D85 /* HomeView.swift */ = {isa = PBXFileReference; lastKnownFileType = sourcecode.swift; path = HomeView.swift; sourceTree = "<group>"; };
		33691355F7487561988EDF71 /* PomodoroEngineTests.swift */ = {isa = PBXFileReference; lastKnownFileType = sourcecode.swift; path = PomodoroEngineTests.swift; sourceTree = "<group>"; };
		33DB2C23B9C263BB72EFAFD7 /* Constants.swift */ = {isa = PBXFileReference; lastKnownFileType = sourcecode.swift; path = Constants.swift; sourceTree = "<group>"; };
		341F86FD8184453FD0A28367 /* LocalPreviewLaunchPolicyTests.swift */ = {isa = PBXFileReference; lastKnownFileType = sourcecode.swift; path = LocalPreviewLaunchPolicyTests.swift; sourceTree = "<group>"; };
		3547404A69ECEC83D6633098 /* TsumibenLogo.swift */ = {isa = PBXFileReference; lastKnownFileType = sourcecode.swift; path = TsumibenLogo.swift; sourceTree = "<group>"; };
		35875BB9C6A15277F1C8C5F9 /* ZenMaruGothic-Black.ttf */ = {isa = PBXFileReference; lastKnownFileType = file; path = "ZenMaruGothic-Black.ttf"; sourceTree = "<group>"; };
		3B8A8CDCBCE6F6F2C9D2359A /* FocusActivityManager.swift */ = {isa = PBXFileReference; lastKnownFileType = sourcecode.swift; path = FocusActivityManager.swift; sourceTree = "<group>"; };
		42DC738956E57636BC2CDC72 /* JarWidgets.swift */ = {isa = PBXFileReference; lastKnownFileType = sourcecode.swift; path = JarWidgets.swift; sourceTree = "<group>"; };
		43C3B70E3DE901A1613D1E59 /* EngagementOverviewUITests.swift */ = {isa = PBXFileReference; lastKnownFileType = sourcecode.swift; path = EngagementOverviewUITests.swift; sourceTree = "<group>"; };
		4533919632EB23D6E903A118 /* FocusView.swift */ = {isa = PBXFileReference; lastKnownFileType = sourcecode.swift; path = FocusView.swift; sourceTree = "<group>"; };
		49D6024C62E2FDECB4004C49 /* FusionHierarchyPresentationTests.swift */ = {isa = PBXFileReference; lastKnownFileType = sourcecode.swift; path = FusionHierarchyPresentationTests.swift; sourceTree = "<group>"; };
		4A462688FA71840C5616D07A /* FocusCloudSync.swift */ = {isa = PBXFileReference; lastKnownFileType = sourcecode.swift; path = FocusCloudSync.swift; sourceTree = "<group>"; };
		4DCC0613927C800681E1AF1A /* HomeAtmosphereTests.swift */ = {isa = PBXFileReference; lastKnownFileType = sourcecode.swift; path = HomeAtmosphereTests.swift; sourceTree = "<group>"; };
		4DD010C324C22522F100CA61 /* SettingsView.swift */ = {isa = PBXFileReference; lastKnownFileType = sourcecode.swift; path = SettingsView.swift; sourceTree = "<group>"; };
		514A1D4F39E17797BA0AC021 /* AccessibilityAdversarialUITests.swift */ = {isa = PBXFileReference; lastKnownFileType = sourcecode.swift; path = AccessibilityAdversarialUITests.swift; sourceTree = "<group>"; };
		5185577B511927770F17FDF2 /* GIFShareLifecycleUITests.swift */ = {isa = PBXFileReference; lastKnownFileType = sourcecode.swift; path = GIFShareLifecycleUITests.swift; sourceTree = "<group>"; };
		5553ECC42AC18B0B76904BFB /* ProgressCrystal.swift */ = {isa = PBXFileReference; lastKnownFileType = sourcecode.swift; path = ProgressCrystal.swift; sourceTree = "<group>"; };
		57F7E49A768D959A39FCC0BE /* PrivacyInfo.xcprivacy */ = {isa = PBXFileReference; path = PrivacyInfo.xcprivacy; sourceTree = "<group>"; };
		5BE70885A86E6C27C1D3C9C7 /* Haptics.swift */ = {isa = PBXFileReference; lastKnownFileType = sourcecode.swift; path = Haptics.swift; sourceTree = "<group>"; };
		5D7584A16044B2EF53C1CA5E /* CompleteDataDeletionTypes.swift */ = {isa = PBXFileReference; lastKnownFileType = sourcecode.swift; path = CompleteDataDeletionTypes.swift; sourceTree = "<group>"; };
		5DED89039951EC6BFAD9B14F /* ProgressPresentationTests.swift */ = {isa = PBXFileReference; lastKnownFileType = sourcecode.swift; path = ProgressPresentationTests.swift; sourceTree = "<group>"; };
		5ED7E4A326B82DBD568454B5 /* CompleteDataDeletionFileStateStore.swift */ = {isa = PBXFileReference; lastKnownFileType = sourcecode.swift; path = CompleteDataDeletionFileStateStore.swift; sourceTree = "<group>"; };
		5F2FE98B4295BDD352C956DD /* BoundedLaunchPreparation.swift */ = {isa = PBXFileReference; lastKnownFileType = sourcecode.swift; path = BoundedLaunchPreparation.swift; sourceTree = "<group>"; };
		5FF2AD50BA8434F1D4D3E272 /* ActivityDataReset.swift */ = {isa = PBXFileReference; lastKnownFileType = sourcecode.swift; path = ActivityDataReset.swift; sourceTree = "<group>"; };
		605B8884622945193CA842EA /* FortyYearPersistentColdLaunchUITests.swift */ = {isa = PBXFileReference; lastKnownFileType = sourcecode.swift; path = FortyYearPersistentColdLaunchUITests.swift; sourceTree = "<group>"; };
		621168DB14A5C364249DF409 /* TsumibenUITests.xctest */ = {isa = PBXFileReference; includeInIndex = 0; lastKnownFileType = wrapper.cfbundle; path = TsumibenUITests.xctest; sourceTree = BUILT_PRODUCTS_DIR; };
		65548B98D1793F0EDA5F9556 /* HomeProjectionSupport.swift */ = {isa = PBXFileReference; lastKnownFileType = sourcecode.swift; path = HomeProjectionSupport.swift; sourceTree = "<group>"; };
		695AD1473A78C93C4048DB2D /* GachaEngine.swift */ = {isa = PBXFileReference; lastKnownFileType = sourcecode.swift; path = GachaEngine.swift; sourceTree = "<group>"; };
		6A9A0A802CAB283CC0784604 /* TsumibenDataExporter.swift */ = {isa = PBXFileReference; lastKnownFileType = sourcecode.swift; path = TsumibenDataExporter.swift; sourceTree = "<group>"; };
		740011241ECC8D078F7C1BB4 /* FocusCloudSyncTests.swift */ = {isa = PBXFileReference; lastKnownFileType = sourcecode.swift; path = FocusCloudSyncTests.swift; sourceTree = "<group>"; };
		77F4A863164FAAD25B5EB629 /* DecimalFusionEndToEndUITests.swift */ = {isa = PBXFileReference; lastKnownFileType = sourcecode.swift; path = DecimalFusionEndToEndUITests.swift; sourceTree = "<group>"; };
		78307063D9A0313AA7E1F666 /* AccumulationOverviewView.swift */ = {isa = PBXFileReference; lastKnownFileType = sourcecode.swift; path = AccumulationOverviewView.swift; sourceTree = "<group>"; };
		79F27A49EFFF72B2F9F26BD5 /* IntegrationConstants.swift */ = {isa = PBXFileReference; lastKnownFileType = sourcecode.swift; path = IntegrationConstants.swift; sourceTree = "<group>"; };
		7E3A2802584FC02352565680 /* UsagePurposeTests.swift */ = {isa = PBXFileReference; lastKnownFileType = sourcecode.swift; path = UsagePurposeTests.swift; sourceTree = "<group>"; };
		81736EB30228B5599E412FF9 /* FairnessTests.swift */ = {isa = PBXFileReference; lastKnownFileType = sourcecode.swift; path = FairnessTests.swift; sourceTree = "<group>"; };
		84C8962A3B1FA993FFD4BFA5 /* StrataMath.swift */ = {isa = PBXFileReference; lastKnownFileType = sourcecode.swift; path = StrataMath.swift; sourceTree = "<group>"; };
		85209F3782FB0725D10573E4 /* LICENSE-fonts.txt */ = {isa = PBXFileReference; lastKnownFileType = text; path = "LICENSE-fonts.txt"; sourceTree = "<group>"; };
		8B78A8F57E35F86965173419 /* Assets.xcassets */ = {isa = PBXFileReference; lastKnownFileType = folder.assetcatalog; path = Assets.xcassets; sourceTree = "<group>"; };
		8F39439D47563884196D662B /* PebbleRadiusPolicyTests.swift */ = {isa = PBXFileReference; lastKnownFileType = sourcecode.swift; path = PebbleRadiusPolicyTests.swift; sourceTree = "<group>"; };
		8FC0AD9958AB0FC01226C227 /* CompleteDataDeletionSystemAdapters.swift */ = {isa = PBXFileReference; lastKnownFileType = sourcecode.swift; path = CompleteDataDeletionSystemAdapters.swift; sourceTree = "<group>"; };
		8FF1F5A65B8AE3F5257274DF /* SeedData.swift */ = {isa = PBXFileReference; lastKnownFileType = sourcecode.swift; path = SeedData.swift; sourceTree = "<group>"; };
		95E8EF09BF161DDBA50D794D /* FocusPersistenceTests.swift */ = {isa = PBXFileReference; lastKnownFileType = sourcecode.swift; path = FocusPersistenceTests.swift; sourceTree = "<group>"; };
		984E4A2EB17610C215B06BDE /* AccumulationPlanView.swift */ = {isa = PBXFileReference; lastKnownFileType = sourcecode.swift; path = AccumulationPlanView.swift; sourceTree = "<group>"; };
		98E553F0F26B285920871AFF /* StrataRenderer.swift */ = {isa = PBXFileReference; lastKnownFileType = sourcecode.swift; path = StrataRenderer.swift; sourceTree = "<group>"; };
		9AF055ADF52654D57A509EB5 /* SyncMaintenance.swift */ = {isa = PBXFileReference; lastKnownFileType = sourcecode.swift; path = SyncMaintenance.swift; sourceTree = "<group>"; };
		9B0FEC55240400F03893D529 /* AggregatePersistenceFailureRecoveryUITests.swift */ = {isa = PBXFileReference; lastKnownFileType = sourcecode.swift; path = AggregatePersistenceFailureRecoveryUITests.swift; sourceTree = "<group>"; };
		9B44F80B38C86954A4CB2CEB /* JarSnapshotter.swift */ = {isa = PBXFileReference; lastKnownFileType = sourcecode.swift; path = JarSnapshotter.swift; sourceTree = "<group>"; };
		9D6DEAFBFE5D7478AF7E53AC /* SeedDataTests.swift */ = {isa = PBXFileReference; lastKnownFileType = sourcecode.swift; path = SeedDataTests.swift; sourceTree = "<group>"; };
		9EA503DBE4FE49A7DE5429C1 /* TsumibenWidgetsBundle.swift */ = {isa = PBXFileReference; lastKnownFileType = sourcecode.swift; path = TsumibenWidgetsBundle.swift; sourceTree = "<group>"; };
		A0811719F6DEC4A7B667D176 /* AnimatedShareExporter.swift */ = {isa = PBXFileReference; lastKnownFileType = sourcecode.swift; path = AnimatedShareExporter.swift; sourceTree = "<group>"; };
		A0AC4CADB3DFF6C13A05574F /* ShareComposerView.swift */ = {isa = PBXFileReference; lastKnownFileType = sourcecode.swift; path = ShareComposerView.swift; sourceTree = "<group>"; };
		A3235FD2F984472DB045B628 /* Theme.swift */ = {isa = PBXFileReference; lastKnownFileType = sourcecode.swift; path = Theme.swift; sourceTree = "<group>"; };
		A528B3E6E31A97D4769262C2 /* NotificationManager.swift */ = {isa = PBXFileReference; lastKnownFileType = sourcecode.swift; path = NotificationManager.swift; sourceTree = "<group>"; };
		A9E03779EC2F1C921472B8AB /* AppRouter.swift */ = {isa = PBXFileReference; lastKnownFileType = sourcecode.swift; path = AppRouter.swift; sourceTree = "<group>"; };
		AF4FE4F2F73DF52EA727CE0D /* FortyYearPersistentUITestFixture.swift */ = {isa = PBXFileReference; lastKnownFileType = sourcecode.swift; path = FortyYearPersistentUITestFixture.swift; sourceTree = "<group>"; };
		AFD4CAA0B7FCB1EE600BCF59 /* TsumibenApp.swift */ = {isa = PBXFileReference; lastKnownFileType = sourcecode.swift; path = TsumibenApp.swift; sourceTree = "<group>"; };
		B2D5FBE54608288B808F09AB /* TsumibenDataExporterTests.swift */ = {isa = PBXFileReference; lastKnownFileType = sourcecode.swift; path = TsumibenDataExporterTests.swift; sourceTree = "<group>"; };
		B34AF122DD7CC33B86DFAD6D /* GachaTests.swift */ = {isa = PBXFileReference; lastKnownFileType = sourcecode.swift; path = GachaTests.swift; sourceTree = "<group>"; };
		B37C4DA048F30D1496E67B2A /* ProTransactionDeliveryTests.swift */ = {isa = PBXFileReference; lastKnownFileType = sourcecode.swift; path = ProTransactionDeliveryTests.swift; sourceTree = "<group>"; };
		B5A62D287A12F1D3E7D2EEB0 /* OnboardingView.swift */ = {isa = PBXFileReference; lastKnownFileType = sourcecode.swift; path = OnboardingView.swift; sourceTree = "<group>"; };
		B77FA0E576927411295B49F6 /* Analytics.swift */ = {isa = PBXFileReference; lastKnownFileType = sourcecode.swift; path = Analytics.swift; sourceTree = "<group>"; };
		BC9FCBBBB5ADD572A120887F /* PrivacyInfo.xcprivacy */ = {isa = PBXFileReference; path = PrivacyInfo.xcprivacy; sourceTree = "<group>"; };
		BD382E4EC4F91B19DBAAEBE9 /* FocusActivityAttributes.swift */ = {isa = PBXFileReference; lastKnownFileType = sourcecode.swift; path = FocusActivityAttributes.swift; sourceTree = "<group>"; };
		BDACE2543FDE350F60559768 /* HomeProjectionTests.swift */ = {isa = PBXFileReference; lastKnownFileType = sourcecode.swift; path = HomeProjectionTests.swift; sourceTree = "<group>"; };
		BE1477DF3AE1A285E0F1C16C /* WrappedView.swift */ = {isa = PBXFileReference; lastKnownFileType = sourcecode.swift; path = WrappedView.swift; sourceTree = "<group>"; };
		BE7ED473D636DCD45412B726 /* FocusPersistence.swift */ = {isa = PBXFileReference; lastKnownFileType = sourcecode.swift; path = FocusPersistence.swift; sourceTree = "<group>"; };
		BF553C85A1696C726D6D9805 /* FortyYearDebugScenario.swift */ = {isa = PBXFileReference; lastKnownFileType = sourcecode.swift; path = FortyYearDebugScenario.swift; sourceTree = "<group>"; };
		C015387A23E4A104ACCBFD7C /* SyncMaintenanceWorker.swift */ = {isa = PBXFileReference; lastKnownFileType = sourcecode.swift; path = SyncMaintenanceWorker.swift; sourceTree = "<group>"; };
		C0B57E2A51F8D9B3BCAC0AD3 /* RootView.swift */ = {isa = PBXFileReference; lastKnownFileType = sourcecode.swift; path = RootView.swift; sourceTree = "<group>"; };
		C577AA82AE69DE55FD22EF3C /* ActivityResetTests.swift */ = {isa = PBXFileReference; lastKnownFileType = sourcecode.swift; path = ActivityResetTests.swift; sourceTree = "<group>"; };
		C635D2D35D4CF24A360D201C /* PomodoroEngine.swift */ = {isa = PBXFileReference; lastKnownFileType = sourcecode.swift; path = PomodoroEngine.swift; sourceTree = "<group>"; };
		C6C9C5283D97D8D95D89D8A1 /* JarScene.swift */ = {isa = PBXFileReference; lastKnownFileType = sourcecode.swift; path = JarScene.swift; sourceTree = "<group>"; };
		C9FF268978B24949C34A680A /* PersistenceStoreTopology.swift */ = {isa = PBXFileReference; lastKnownFileType = sourcecode.swift; path = PersistenceStoreTopology.swift; sourceTree = "<group>"; };
		CB54BA2BA5663D65BFB6ADCA /* PurchaseManager.swift */ = {isa = PBXFileReference; lastKnownFileType = sourcecode.swift; path = PurchaseManager.swift; sourceTree = "<group>"; };
		CCE85735933805E79833350F /* CompleteDataDeletionLaunchPreflight.swift */ = {isa = PBXFileReference; lastKnownFileType = sourcecode.swift; path = CompleteDataDeletionLaunchPreflight.swift; sourceTree = "<group>"; };
		CF6FDC20F3DB77C7A135135E /* Tsumiben.entitlements */ = {isa = PBXFileReference; lastKnownFileType = text.plist.entitlements; path = Tsumiben.entitlements; sourceTree = "<group>"; };
		CF7A7A7B0E25C3C1A0D7E78F /* PostDropProgressAccessibilityPresentationTests.swift */ = {isa = PBXFileReference; lastKnownFileType = sourcecode.swift; path = PostDropProgressAccessibilityPresentationTests.swift; sourceTree = "<group>"; };
		D02564D510EB30F52B6BBF91 /* RareRewardCloudKitLedgerRepository.swift */ = {isa = PBXFileReference; lastKnownFileType = sourcecode.swift; path = RareRewardCloudKitLedgerRepository.swift; sourceTree = "<group>"; };
		D0EE2EF542389141EF2BA5D6 /* AccumulationPlanProjection.swift */ = {isa = PBXFileReference; lastKnownFileType = sourcecode.swift; path = AccumulationPlanProjection.swift; sourceTree = "<group>"; };
		D33D0E9AF8F94F6A7B73A496 /* FortyYearDebugScenarioTests.swift */ = {isa = PBXFileReference; lastKnownFileType = sourcecode.swift; path = FortyYearDebugScenarioTests.swift; sourceTree = "<group>"; };
		D52A832B83ED26FEA9D8E4C1 /* AnimatedShareExporterTests.swift */ = {isa = PBXFileReference; lastKnownFileType = sourcecode.swift; path = AnimatedShareExporterTests.swift; sourceTree = "<group>"; };
		D64D333678DEAE0909AA40B5 /* CloudSyncMonitor.swift */ = {isa = PBXFileReference; lastKnownFileType = sourcecode.swift; path = CloudSyncMonitor.swift; sourceTree = "<group>"; };
		D7BFD64C5D81C068604442E6 /* Tsumiben.app */ = {isa = PBXFileReference; includeInIndex = 0; lastKnownFileType = wrapper.application; path = Tsumiben.app; sourceTree = BUILT_PRODUCTS_DIR; };
		D8733D4BA3F9484E2E4C057B /* AccumulationOverviewLoader.swift */ = {isa = PBXFileReference; lastKnownFileType = sourcecode.swift; path = AccumulationOverviewLoader.swift; sourceTree = "<group>"; };
		DB90B22380765E400B9F6F67 /* PersistenceStoreTopologyTests.swift */ = {isa = PBXFileReference; lastKnownFileType = sourcecode.swift; path = PersistenceStoreTopologyTests.swift; sourceTree = "<group>"; };
		E07668FCCBB7B41086540A6E /* UsagePurpose.swift */ = {isa = PBXFileReference; lastKnownFileType = sourcecode.swift; path = UsagePurpose.swift; sourceTree = "<group>"; };
		E1BDA6AA7BF5942D9C54A100 /* WidgetSnapshotMetadata.swift */ = {isa = PBXFileReference; lastKnownFileType = sourcecode.swift; path = WidgetSnapshotMetadata.swift; sourceTree = "<group>"; };
		E25508A96354FF62F238B64A /* FocusCompletionFailureRecoveryUITests.swift */ = {isa = PBXFileReference; lastKnownFileType = sourcecode.swift; path = FocusCompletionFailureRecoveryUITests.swift; sourceTree = "<group>"; };
		E2690205659DBB8B01C1132D /* WidgetSnapshotStore.swift */ = {isa = PBXFileReference; lastKnownFileType = sourcecode.swift; path = WidgetSnapshotStore.swift; sourceTree = "<group>"; };
		E2AB270A585B10F71A4B0D16 /* AccumulationTimelineRepositoryTests.swift */ = {isa = PBXFileReference; lastKnownFileType = sourcecode.swift; path = AccumulationTimelineRepositoryTests.swift; sourceTree = "<group>"; };
		E5C13338940AD3B72B8A5EFB /* Models.swift */ = {isa = PBXFileReference; lastKnownFileType = sourcecode.swift; path = Models.swift; sourceTree = "<group>"; };
		EB809D5776C9CCD04422A73F /* CompleteDataDeletionTests.swift */ = {isa = PBXFileReference; lastKnownFileType = sourcecode.swift; path = CompleteDataDeletionTests.swift; sourceTree = "<group>"; };
		EBFA486B91824F9371C61E99 /* FortyYearPersistenceHarnessTests.swift */ = {isa = PBXFileReference; lastKnownFileType = sourcecode.swift; path = FortyYearPersistenceHarnessTests.swift; sourceTree = "<group>"; };
		EF9CDD2C2DC72F1A5BDE7AC6 /* AccumulationTimelineBrowser.swift */ = {isa = PBXFileReference; lastKnownFileType = sourcecode.swift; path = AccumulationTimelineBrowser.swift; sourceTree = "<group>"; };
		F0F73229283FB90B2F0E3CB9 /* Info.plist */ = {isa = PBXFileReference; lastKnownFileType = text.plist; path = Info.plist; sourceTree = "<group>"; };
		F10AD74ED72816BA3CA95EDC /* TsumibenTests.xctest */ = {isa = PBXFileReference; includeInIndex = 0; lastKnownFileType = wrapper.cfbundle; path = TsumibenTests.xctest; sourceTree = BUILT_PRODUCTS_DIR; };
		F29855F3BD59CC2D90F4A32C /* JarInteractionUITests.swift */ = {isa = PBXFileReference; lastKnownFileType = sourcecode.swift; path = JarInteractionUITests.swift; sourceTree = "<group>"; };
		F41C5BEB983B53D8514E6F3B /* StrataMathTests.swift */ = {isa = PBXFileReference; lastKnownFileType = sourcecode.swift; path = StrataMathTests.swift; sourceTree = "<group>"; };
		FB5F1784DDABB999A89E1089 /* RareRewardLedgerV2Tests.swift */ = {isa = PBXFileReference; lastKnownFileType = sourcecode.swift; path = RareRewardLedgerV2Tests.swift; sourceTree = "<group>"; };
		FCD5BD656B5152CA892547E5 /* LogView.swift */ = {isa = PBXFileReference; lastKnownFileType = sourcecode.swift; path = LogView.swift; sourceTree = "<group>"; };
/* End PBXFileReference section */

/* Begin PBXGroup section */
		02D1000FE6AEF2339F1DBF2D /* Overview */ = {
			isa = PBXGroup;
			children = (
				D8733D4BA3F9484E2E4C057B /* AccumulationOverviewLoader.swift */,
				78307063D9A0313AA7E1F666 /* AccumulationOverviewView.swift */,
				EF9CDD2C2DC72F1A5BDE7AC6 /* AccumulationTimelineBrowser.swift */,
				26DFBB8269420354C3AB660A /* AccumulationTimelineRepository.swift */,
				17663D38DDCA43D416F441D8 /* EffortConstellationView.swift */,
				5553ECC42AC18B0B76904BFB /* ProgressCrystal.swift */,
			);
			path = Overview;
			sourceTree = "<group>";
		};
		1DDC04D1FD212C1E47C7306C /* DataDeletion */ = {
			isa = PBXGroup;
			children = (
				1F7D9CFCF0DEDC888353B6E2 /* CompleteDataDeletionCloudKitStore.swift */,
				0824371DC667949DED0D8EFE /* CompleteDataDeletionCoordinator.swift */,
				5ED7E4A326B82DBD568454B5 /* CompleteDataDeletionFileStateStore.swift */,
				CCE85735933805E79833350F /* CompleteDataDeletionLaunchPreflight.swift */,
				8FC0AD9958AB0FC01226C227 /* CompleteDataDeletionSystemAdapters.swift */,
				5D7584A16044B2EF53C1CA5E /* CompleteDataDeletionTypes.swift */,
			);
			path = DataDeletion;
			sourceTree = "<group>";
		};
		2150A7C403B4D011A3886F53 /* Resources */ = {
			isa = PBXGroup;
			children = (
				8B78A8F57E35F86965173419 /* Assets.xcassets */,
				85209F3782FB0725D10573E4 /* LICENSE-fonts.txt */,
				BC9FCBBBB5ADD572A120887F /* PrivacyInfo.xcprivacy */,
				985BF2EF383D19ADC33713D4 /* Fonts */,
			);
			path = Resources;
			sourceTree = "<group>";
		};
		2902BB01C11373F12F4373BB /* App */ = {
			isa = PBXGroup;
			children = (
				30478FF59FA45F9118BC5427 /* AppLinks.swift */,
				A9E03779EC2F1C921472B8AB /* AppRouter.swift */,
				5F2FE98B4295BDD352C956DD /* BoundedLaunchPreparation.swift */,
				C0B57E2A51F8D9B3BCAC0AD3 /* RootView.swift */,
				8FF1F5A65B8AE3F5257274DF /* SeedData.swift */,
				A3235FD2F984472DB045B628 /* Theme.swift */,
				AFD4CAA0B7FCB1EE600BCF59 /* TsumibenApp.swift */,
				3547404A69ECEC83D6633098 /* TsumibenLogo.swift */,
			);
			path = App;
			sourceTree = "<group>";
		};
		472793D4A639E258F4883276 /* Onboarding */ = {
			isa = PBXGroup;
			children = (
				B5A62D287A12F1D3E7D2EEB0 /* OnboardingView.swift */,
			);
			path = Onboarding;
			sourceTree = "<group>";
		};
		4831D5FF7BDEA0BE5DEAF847 /* TsumibenUITests */ = {
			isa = PBXGroup;
			children = (
				514A1D4F39E17797BA0AC021 /* AccessibilityAdversarialUITests.swift */,
				9B0FEC55240400F03893D529 /* AggregatePersistenceFailureRecoveryUITests.swift */,
				229AACD1A9C3128089054506 /* CriticalFlowAdversarialUITests.swift */,
				77F4A863164FAAD25B5EB629 /* DecimalFusionEndToEndUITests.swift */,
				43C3B70E3DE901A1613D1E59 /* EngagementOverviewUITests.swift */,
				E25508A96354FF62F238B64A /* FocusCompletionFailureRecoveryUITests.swift */,
				605B8884622945193CA842EA /* FortyYearPersistentColdLaunchUITests.swift */,
				5185577B511927770F17FDF2 /* GIFShareLifecycleUITests.swift */,
				F29855F3BD59CC2D90F4A32C /* JarInteractionUITests.swift */,
				05520DCF0A7CE695D6DD90C2 /* RuntimeFlowAuditUITests.swift */,
			);
			path = TsumibenUITests;
			sourceTree = "<group>";
		};
		49CBF60D22AE2C0CB4C0363B /* Wrapped */ = {
			isa = PBXGroup;
			children = (
				BE1477DF3AE1A285E0F1C16C /* WrappedView.swift */,
			);
			path = Wrapped;
			sourceTree = "<group>";
		};
		5046DFB5313B4E15AA626FDC /* Juice */ = {
			isa = PBXGroup;
			children = (
				5BE70885A86E6C27C1D3C9C7 /* Haptics.swift */,
				0EDF0BBD915799356E9DDBFE /* SoundSynth.swift */,
			);
			path = Juice;
			sourceTree = "<group>";
		};
		66ED591BF3C54DD5DE303524 /* Log */ = {
			isa = PBXGroup;
			children = (
				FCD5BD656B5152CA892547E5 /* LogView.swift */,
			);
			path = Log;
			sourceTree = "<group>";
		};
		690D231CD872162C659E6A29 /* TimerEngine */ = {
			isa = PBXGroup;
			children = (
				4A462688FA71840C5616D07A /* FocusCloudSync.swift */,
				C635D2D35D4CF24A360D201C /* PomodoroEngine.swift */,
			);
			path = TimerEngine;
			sourceTree = "<group>";
		};
		6DBD7BFB14624F538D095030 /* TsumibenTests */ = {
			isa = PBXGroup;
			children = (
				02055FE9589A94DEB2ECCEFA /* AccumulationPlanProjectionTests.swift */,
				E2AB270A585B10F71A4B0D16 /* AccumulationTimelineRepositoryTests.swift */,
				C577AA82AE69DE55FD22EF3C /* ActivityResetTests.swift */,
				D52A832B83ED26FEA9D8E4C1 /* AnimatedShareExporterTests.swift */,
				224421F20AA63D1359963581 /* BoundedLaunchPreparationTests.swift */,
				EB809D5776C9CCD04422A73F /* CompleteDataDeletionTests.swift */,
				81736EB30228B5599E412FF9 /* FairnessTests.swift */,
				740011241ECC8D078F7C1BB4 /* FocusCloudSyncTests.swift */,
				95E8EF09BF161DDBA50D794D /* FocusPersistenceTests.swift */,
				D33D0E9AF8F94F6A7B73A496 /* FortyYearDebugScenarioTests.swift */,
				EBFA486B91824F9371C61E99 /* FortyYearPersistenceHarnessTests.swift */,
				49D6024C62E2FDECB4004C49 /* FusionHierarchyPresentationTests.swift */,
				2A60BEDD0A2FC5DE74C58538 /* GachaHistoryReconciliationTests.swift */,
				B34AF122DD7CC33B86DFAD6D /* GachaTests.swift */,
				4DCC0613927C800681E1AF1A /* HomeAtmosphereTests.swift */,
				BDACE2543FDE350F60559768 /* HomeProjectionTests.swift */,
				341F86FD8184453FD0A28367 /* LocalPreviewLaunchPolicyTests.swift */,
				8F39439D47563884196D662B /* PebbleRadiusPolicyTests.swift */,
				DB90B22380765E400B9F6F67 /* PersistenceStoreTopologyTests.swift */,
				33691355F7487561988EDF71 /* PomodoroEngineTests.swift */,
				CF7A7A7B0E25C3C1A0D7E78F /* PostDropProgressAccessibilityPresentationTests.swift */,
				5DED89039951EC6BFAD9B14F /* ProgressPresentationTests.swift */,
				B37C4DA048F30D1496E67B2A /* ProTransactionDeliveryTests.swift */,
				FB5F1784DDABB999A89E1089 /* RareRewardLedgerV2Tests.swift */,
				9D6DEAFBFE5D7478AF7E53AC /* SeedDataTests.swift */,
				F41C5BEB983B53D8514E6F3B /* StrataMathTests.swift */,
				0A51FC251B45063440930186 /* SubjectNamePolicyTests.swift */,
				05A2492D7FA3C06AA783E0E5 /* SyncMaintenanceWorkerTests.swift */,
				B2D5FBE54608288B808F09AB /* TsumibenDataExporterTests.swift */,
				7E3A2802584FC02352565680 /* UsagePurposeTests.swift */,
			);
			path = TsumibenTests;
			sourceTree = "<group>";
		};
		77A15B5328FD482AFF27C1C5 /* Models */ = {
			isa = PBXGroup;
			children = (
				5FF2AD50BA8434F1D4D3E272 /* ActivityDataReset.swift */,
				E5C13338940AD3B72B8A5EFB /* Models.swift */,
			);
			path = Models;
			sourceTree = "<group>";
		};
		7820FA6A7D29ECA1EC64D545 /* TsumibenWidgets */ = {
			isa = PBXGroup;
			children = (
				015A1C0A7ACD4E859A6C1004 /* FocusLiveActivityWidget.swift */,
				F0F73229283FB90B2F0E3CB9 /* Info.plist */,
				42DC738956E57636BC2CDC72 /* JarWidgets.swift */,
				57F7E49A768D959A39FCC0BE /* PrivacyInfo.xcprivacy */,
				9EA503DBE4FE49A7DE5429C1 /* TsumibenWidgetsBundle.swift */,
			);
			path = TsumibenWidgets;
			sourceTree = "<group>";
		};
		8A0A17B55515CE35031F2895 /* Settings */ = {
			isa = PBXGroup;
			children = (
				4DD010C324C22522F100CA61 /* SettingsView.swift */,
				6A9A0A802CAB283CC0784604 /* TsumibenDataExporter.swift */,
			);
			path = Settings;
			sourceTree = "<group>";
		};
		8B07795D6324440B1D5E7F3C /* Debug */ = {
			isa = PBXGroup;
			children = (
				BF553C85A1696C726D6D9805 /* FortyYearDebugScenario.swift */,
				11032FEE2FEEA592E0CBF2C9 /* FortyYearPersistenceHarness.swift */,
				AF4FE4F2F73DF52EA727CE0D /* FortyYearPersistentUITestFixture.swift */,
				074BA2ACD5F7043A28EC8864 /* UITestFaultInjection.swift */,
			);
			path = Debug;
			sourceTree = "<group>";
		};
		914226CCB422CA1CBF740AA7 /* Products */ = {
			isa = PBXGroup;
			children = (
				D7BFD64C5D81C068604442E6 /* Tsumiben.app */,
				F10AD74ED72816BA3CA95EDC /* TsumibenTests.xctest */,
				621168DB14A5C364249DF409 /* TsumibenUITests.xctest */,
				192337E6FA9DF1F8CA717D0C /* TsumibenWidgets.appex */,
			);
			name = Products;
			sourceTree = "<group>";
		};
		925DB2070AB3CC8990C2A5E6 /* Jar */ = {
			isa = PBXGroup;
			children = (
				C6C9C5283D97D8D95D89D8A1 /* JarScene.swift */,
				9B44F80B38C86954A4CB2CEB /* JarSnapshotter.swift */,
				19DA230654CC3DCB0D3433CE /* JarSpriteView.swift */,
				190686F8D57FCE0B8676EB41 /* PebbleNode.swift */,
				98E553F0F26B285920871AFF /* StrataRenderer.swift */,
			);
			path = Jar;
			sourceTree = "<group>";
		};
		985BF2EF383D19ADC33713D4 /* Fonts */ = {
			isa = PBXGroup;
			children = (
				35875BB9C6A15277F1C8C5F9 /* ZenMaruGothic-Black.ttf */,
			);
			path = Fonts;
			sourceTree = "<group>";
		};
		98C746A54757CBB919B3B308 /* Shared */ = {
			isa = PBXGroup;
			children = (
				BD382E4EC4F91B19DBAAEBE9 /* FocusActivityAttributes.swift */,
				79F27A49EFFF72B2F9F26BD5 /* IntegrationConstants.swift */,
				E1BDA6AA7BF5942D9C54A100 /* WidgetSnapshotMetadata.swift */,
			);
			path = Shared;
			sourceTree = "<group>";
		};
		A1E6B356533FD8F6D6A3DF22 /* Share */ = {
			isa = PBXGroup;
			children = (
				A0811719F6DEC4A7B667D176 /* AnimatedShareExporter.swift */,
				1E1E7F1B3365798699074252 /* ShareActivityItemSource.swift */,
				A0AC4CADB3DFF6C13A05574F /* ShareComposerView.swift */,
			);
			path = Share;
			sourceTree = "<group>";
		};
		B14878243984F7F794363E83 /* Focus */ = {
			isa = PBXGroup;
			children = (
				1729068C1DA34C45E1995436 /* BreakTimerView.swift */,
				3B8A8CDCBCE6F6F2C9D2359A /* FocusActivityManager.swift */,
				BE7ED473D636DCD45412B726 /* FocusPersistence.swift */,
				4533919632EB23D6E903A118 /* FocusView.swift */,
			);
			path = Focus;
			sourceTree = "<group>";
		};
		B4FF7892E1701F9A75E25654 /* Core */ = {
			isa = PBXGroup;
			children = (
				B77FA0E576927411295B49F6 /* Analytics.swift */,
				D64D333678DEAE0909AA40B5 /* CloudSyncMonitor.swift */,
				33DB2C23B9C263BB72EFAFD7 /* Constants.swift */,
				313E57CBBFED1C76AFE39CA1 /* FairnessPolicy.swift */,
				695AD1473A78C93C4048DB2D /* GachaEngine.swift */,
				A528B3E6E31A97D4769262C2 /* NotificationManager.swift */,
				C9FF268978B24949C34A680A /* PersistenceStoreTopology.swift */,
				CB54BA2BA5663D65BFB6ADCA /* PurchaseManager.swift */,
				D02564D510EB30F52B6BBF91 /* RareRewardCloudKitLedgerRepository.swift */,
				1C392D3769E65E287EE4CA75 /* RareRewardLedgerLocalState.swift */,
				17BCFE36BE3EAA14F8F9DB37 /* RareRewardLedgerV2.swift */,
				84C8962A3B1FA993FFD4BFA5 /* StrataMath.swift */,
				178BAF5A59261AC9EEBFEA94 /* SubjectNamePolicy.swift */,
				9AF055ADF52654D57A509EB5 /* SyncMaintenance.swift */,
				C015387A23E4A104ACCBFD7C /* SyncMaintenanceWorker.swift */,
				E07668FCCBB7B41086540A6E /* UsagePurpose.swift */,
				E2690205659DBB8B01C1132D /* WidgetSnapshotStore.swift */,
				1DDC04D1FD212C1E47C7306C /* DataDeletion */,
				77A15B5328FD482AFF27C1C5 /* Models */,
				690D231CD872162C659E6A29 /* TimerEngine */,
			);
			path = Core;
			sourceTree = "<group>";
		};
		BB9962556A6D912977CED5C7 = {
			isa = PBXGroup;
			children = (
				98C746A54757CBB919B3B308 /* Shared */,
				F59D438932C5305B097FE6E4 /* Tsumiben */,
				6DBD7BFB14624F538D095030 /* TsumibenTests */,
				4831D5FF7BDEA0BE5DEAF847 /* TsumibenUITests */,
				7820FA6A7D29ECA1EC64D545 /* TsumibenWidgets */,
				914226CCB422CA1CBF740AA7 /* Products */,
			);
			sourceTree = "<group>";
		};
		DB7771C0D33A1CE7654413A9 /* Home */ = {
			isa = PBXGroup;
			children = (
				65548B98D1793F0EDA5F9556 /* HomeProjectionSupport.swift */,
				327F07464356FBA486575D85 /* HomeView.swift */,
			);
			path = Home;
			sourceTree = "<group>";
		};
		E307DFA2D63854B24851338F /* Features */ = {
			isa = PBXGroup;
			children = (
				B14878243984F7F794363E83 /* Focus */,
				DB7771C0D33A1CE7654413A9 /* Home */,
				66ED591BF3C54DD5DE303524 /* Log */,
				472793D4A639E258F4883276 /* Onboarding */,
				02D1000FE6AEF2339F1DBF2D /* Overview */,
				EB31B19AC018128E574273EA /* Paywall */,
				E59BB86AEAF0CC5B8CC0136B /* Planning */,
				8A0A17B55515CE35031F2895 /* Settings */,
				A1E6B356533FD8F6D6A3DF22 /* Share */,
				49CBF60D22AE2C0CB4C0363B /* Wrapped */,
			);
			path = Features;
			sourceTree = "<group>";
		};
		E59BB86AEAF0CC5B8CC0136B /* Planning */ = {
			isa = PBXGroup;
			children = (
				D0EE2EF542389141EF2BA5D6 /* AccumulationPlanProjection.swift */,
				984E4A2EB17610C215B06BDE /* AccumulationPlanView.swift */,
			);
			path = Planning;
			sourceTree = "<group>";
		};
		EB31B19AC018128E574273EA /* Paywall */ = {
			isa = PBXGroup;
			children = (
				089CB939C5D625A11474D3DE /* PaywallView.swift */,
			);
			path = Paywall;
			sourceTree = "<group>";
		};
		F59D438932C5305B097FE6E4 /* Tsumiben */ = {
			isa = PBXGroup;
			children = (
				00B9604400D63561A2AE6576 /* Info.plist */,
				CF6FDC20F3DB77C7A135135E /* Tsumiben.entitlements */,
				2902BB01C11373F12F4373BB /* App */,
				B4FF7892E1701F9A75E25654 /* Core */,
				8B07795D6324440B1D5E7F3C /* Debug */,
				E307DFA2D63854B24851338F /* Features */,
				925DB2070AB3CC8990C2A5E6 /* Jar */,
				5046DFB5313B4E15AA626FDC /* Juice */,
				2150A7C403B4D011A3886F53 /* Resources */,
			);
			path = Tsumiben;
			sourceTree = "<group>";
		};
/* End PBXGroup section */

/* Begin PBXNativeTarget section */
		02D34999A8CF2B504D36E75C /* TsumibenUITests */ = {
			isa = PBXNativeTarget;
			buildConfigurationList = E3689085DCB3239C266A29A0 /* Build configuration list for PBXNativeTarget "TsumibenUITests" */;
			buildPhases = (
				11A2E078E45930406ED9A1D0 /* Sources */,
			);
			buildRules = (
			);
			dependencies = (
				BD71F5583BEA0752C61476B4 /* PBXTargetDependency */,
			);
			name = TsumibenUITests;
			packageProductDependencies = (
			);
			productName = TsumibenUITests;
			productReference = 621168DB14A5C364249DF409 /* TsumibenUITests.xctest */;
			productType = "com.apple.product-type.bundle.ui-testing";
		};
		296F64C28322E362F9C05F13 /* TsumibenTests */ = {
			isa = PBXNativeTarget;
			buildConfigurationList = 65E0AD73493DA646BF286AA4 /* Build configuration list for PBXNativeTarget "TsumibenTests" */;
			buildPhases = (
				074D5BB54F5E9DEB28180EAB /* Sources */,
			);
			buildRules = (
			);
			dependencies = (
				12F6C8E54F38AAA0CEB42885 /* PBXTargetDependency */,
			);
			name = TsumibenTests;
			packageProductDependencies = (
			);
			productName = TsumibenTests;
			productReference = F10AD74ED72816BA3CA95EDC /* TsumibenTests.xctest */;
			productType = "com.apple.product-type.bundle.unit-test";
		};
		76AF49875C08E4A3941336A7 /* Tsumiben */ = {
			isa = PBXNativeTarget;
			buildConfigurationList = 71376D8AC64557D92D70A8CE /* Build configuration list for PBXNativeTarget "Tsumiben" */;
			buildPhases = (
				74905A6389FCFF72CE470DC9 /* Sources */,
				2D22B98591C07CEECE763853 /* Resources */,
				4ADBC45C92D3FE5E40D80E7F /* Embed Foundation Extensions */,
			);
			buildRules = (
			);
			dependencies = (
				46633C0C608AC0C73054CD8B /* PBXTargetDependency */,
			);
			name = Tsumiben;
			packageProductDependencies = (
			);
			productName = Tsumiben;
			productReference = D7BFD64C5D81C068604442E6 /* Tsumiben.app */;
			productType = "com.apple.product-type.application";
		};
		D74C0F22AD0BBD97BAB02FA4 /* TsumibenWidgets */ = {
			isa = PBXNativeTarget;
			buildConfigurationList = 59D6F1D9D857D913974DD3D0 /* Build configuration list for PBXNativeTarget "TsumibenWidgets" */;
			buildPhases = (
				9736704A0E594C1CD4B5DB59 /* Sources */,
				CBCC46E4EE9A2E510F9F14E8 /* Resources */,
			);
			buildRules = (
			);
			dependencies = (
			);
			name = TsumibenWidgets;
			packageProductDependencies = (
			);
			productName = TsumibenWidgets;
			productReference = 192337E6FA9DF1F8CA717D0C /* TsumibenWidgets.appex */;
			productType = "com.apple.product-type.app-extension";
		};
/* End PBXNativeTarget section */

/* Begin PBXProject section */
		192D5E1C7274C4B6707535EF /* Project object */ = {
			isa = PBXProject;
			attributes = {
				BuildIndependentTargetsInParallel = YES;
				LastUpgradeCheck = 1430;
				TargetAttributes = {
					02D34999A8CF2B504D36E75C = {
						TestTargetID = 76AF49875C08E4A3941336A7;
					};
					76AF49875C08E4A3941336A7 = {
						ProvisioningStyle = Automatic;
					};
					D74C0F22AD0BBD97BAB02FA4 = {
						ProvisioningStyle = Automatic;
					};
				};
			};
			buildConfigurationList = 0DB1597F0176DA6C3FA16EEF /* Build configuration list for PBXProject "Tsumiben" */;
			developmentRegion = ja;
			hasScannedForEncodings = 0;
			knownRegions = (
				Base,
				ja,
			);
			mainGroup = BB9962556A6D912977CED5C7;
			minimizedProjectReferenceProxies = 1;
			preferredProjectObjectVersion = 77;
			productRefGroup = 914226CCB422CA1CBF740AA7 /* Products */;
			projectDirPath = "";
			projectRoot = "";
			targets = (
				76AF49875C08E4A3941336A7 /* Tsumiben */,
				296F64C28322E362F9C05F13 /* TsumibenTests */,
				02D34999A8CF2B504D36E75C /* TsumibenUITests */,
				D74C0F22AD0BBD97BAB02FA4 /* TsumibenWidgets */,
			);
		};
/* End PBXProject section */

/* Begin PBXResourcesBuildPhase section */
		2D22B98591C07CEECE763853 /* Resources */ = {
			isa = PBXResourcesBuildPhase;
			buildActionMask = 2147483647;
			files = (
				D6B00E39DCE24850B7CF79BA /* Assets.xcassets in Resources */,
				023A05EB55F55F79D54F90CE /* LICENSE-fonts.txt in Resources */,
				87530C4372925313438B8C9E /* PrivacyInfo.xcprivacy in Resources */,
				7A89E742682BB4770FDFFB09 /* ZenMaruGothic-Black.ttf in Resources */,
			);
			runOnlyForDeploymentPostprocessing = 0;
		};
		CBCC46E4EE9A2E510F9F14E8 /* Resources */ = {
			isa = PBXResourcesBuildPhase;
			buildActionMask = 2147483647;
			files = (
				11A16ADA0F934CD5442C84C7 /* PrivacyInfo.xcprivacy in Resources */,
			);
			runOnlyForDeploymentPostprocessing = 0;
		};
/* End PBXResourcesBuildPhase section */

/* Begin PBXSourcesBuildPhase section */
		074D5BB54F5E9DEB28180EAB /* Sources */ = {
			isa = PBXSourcesBuildPhase;
			buildActionMask = 2147483647;
			files = (
				73988627CE86EDE72E7B7056 /* AccumulationPlanProjectionTests.swift in Sources */,
				34D194385A31A1EA112112A3 /* AccumulationTimelineRepositoryTests.swift in Sources */,
				A2AEE2C53ED19738753A1B02 /* ActivityResetTests.swift in Sources */,
				59BD07058D1F43E787FE52C5 /* AnimatedShareExporterTests.swift in Sources */,
				E54318117355AFEAC6EB6A5F /* BoundedLaunchPreparationTests.swift in Sources */,
				4114302AF15E55A6AB08DA74 /* CompleteDataDeletionTests.swift in Sources */,
				EDCA4F53B47CACF04DC917C3 /* FairnessTests.swift in Sources */,
				1F41663A150CD6AFC189B350 /* FocusCloudSyncTests.swift in Sources */,
				C747CC3305EE165DB547E448 /* FocusPersistenceTests.swift in Sources */,
				E0A7E7EE3CF0466F1FCB45D7 /* FortyYearDebugScenarioTests.swift in Sources */,
				3C865BFD7D1D6422A3D72FF1 /* FortyYearPersistenceHarnessTests.swift in Sources */,
				4218EC09ED3A3946E02E0394 /* FusionHierarchyPresentationTests.swift in Sources */,
				47DCF33FF3C872485EA225F8 /* GachaHistoryReconciliationTests.swift in Sources */,
				47E044726FCB7124C1AEF3A2 /* GachaTests.swift in Sources */,
				FFA0E9EB2ED1DDFDC05FCD97 /* HomeAtmosphereTests.swift in Sources */,
				2C41ABE2A4CB34C7D5EF7C7A /* HomeProjectionTests.swift in Sources */,
				D2CC5891707BA8750EC0328B /* LocalPreviewLaunchPolicyTests.swift in Sources */,
				21E633BD69FCD55785C4D3DC /* PebbleRadiusPolicyTests.swift in Sources */,
				10867B6305BC13668DAB6959 /* PersistenceStoreTopologyTests.swift in Sources */,
				2E25765BB875C2AE1F4E454D /* PomodoroEngineTests.swift in Sources */,
				C9F2CE62EB34E1D5DAF18ABA /* PostDropProgressAccessibilityPresentationTests.swift in Sources */,
				FC0BBED1D663723D77670C3F /* ProTransactionDeliveryTests.swift in Sources */,
				671ABE14B4B8C5BDB61285B6 /* ProgressPresentationTests.swift in Sources */,
				0541AF535E379A7DEFFAA022 /* RareRewardLedgerV2Tests.swift in Sources */,
				701535CFBE134C11CD8C55C6 /* SeedDataTests.swift in Sources */,
				38D71CB98CC422C8E4B0AA83 /* StrataMathTests.swift in Sources */,
				2BB48552EB296B9AAAC3CD8E /* SubjectNamePolicyTests.swift in Sources */,
				B3B389684ED204C7F85727FA /* SyncMaintenanceWorkerTests.swift in Sources */,
				DBFD6600299736B37066E4B4 /* TsumibenDataExporterTests.swift in Sources */,
				487617D8C55FFD9EB82B0BFB /* UsagePurposeTests.swift in Sources */,
			);
			runOnlyForDeploymentPostprocessing = 0;
		};
		11A2E078E45930406ED9A1D0 /* Sources */ = {
			isa = PBXSourcesBuildPhase;
			buildActionMask = 2147483647;
			files = (
				AD28561D2130EB4B7BD23B77 /* AccessibilityAdversarialUITests.swift in Sources */,
				53EEA8AF8CEBD82F64FF499E /* AggregatePersistenceFailureRecoveryUITests.swift in Sources */,
				3F9B626C3CFCF27A9686B13F /* CriticalFlowAdversarialUITests.swift in Sources */,
				C5E225B84D92079EEF517CBF /* DecimalFusionEndToEndUITests.swift in Sources */,
				D959787F25EE7E1626D20453 /* EngagementOverviewUITests.swift in Sources */,
				08848B75ED449E4E6D50BC30 /* FocusCompletionFailureRecoveryUITests.swift in Sources */,
				C56514839B463264E5F240D1 /* FortyYearPersistentColdLaunchUITests.swift in Sources */,
				A28321B621F0235F909F86C6 /* GIFShareLifecycleUITests.swift in Sources */,
				E3DAF67E2FD2630679BF53ED /* JarInteractionUITests.swift in Sources */,
				6C2D24A1BBFD1C898DC8A19F /* RuntimeFlowAuditUITests.swift in Sources */,
			);
			runOnlyForDeploymentPostprocessing = 0;
		};
		74905A6389FCFF72CE470DC9 /* Sources */ = {
			isa = PBXSourcesBuildPhase;
			buildActionMask = 2147483647;
			files = (
				EF9A6CA9C8BFB5C5A7AAB4E6 /* AccumulationOverviewLoader.swift in Sources */,
				6F428CCA435A1C90583357EB /* AccumulationOverviewView.swift in Sources */,
				2E4ACD2A91E52859FC17C036 /* AccumulationPlanProjection.swift in Sources */,
				566F287FF912A184CD2F4A8C /* AccumulationPlanView.swift in Sources */,
				3632958EE91E73780D88D17C /* AccumulationTimelineBrowser.swift in Sources */,
				D5F0515D498394DFCC0112E0 /* AccumulationTimelineRepository.swift in Sources */,
				D9860B0685CBA18A81E654ED /* ActivityDataReset.swift in Sources */,
				8F5EBD5EA2651C0DD53A8ADF /* Analytics.swift in Sources */,
				22C382A06A98D3F062782EE7 /* AnimatedShareExporter.swift in Sources */,
				48D056DBDE43AE583EE3759B /* AppLinks.swift in Sources */,
				4EA21F1D4D0CE649CD712065 /* AppRouter.swift in Sources */,
				5F7B9593B4CA5702F5E94E16 /* BoundedLaunchPreparation.swift in Sources */,
				5AEFCF39AD00C4619B5F7611 /* BreakTimerView.swift in Sources */,
				41282959C0CE2757922656B0 /* CloudSyncMonitor.swift in Sources */,
				93BA362C43CA15922D243052 /* CompleteDataDeletionCloudKitStore.swift in Sources */,
				114BE1BAC2235E5E79AEDB6D /* CompleteDataDeletionCoordinator.swift in Sources */,
				146E69E947720D3D60158AF9 /* CompleteDataDeletionFileStateStore.swift in Sources */,
				671A75A35F9FCE9F7F1E49A2 /* CompleteDataDeletionLaunchPreflight.swift in Sources */,
				A61841C9730624D6C14D747C /* CompleteDataDeletionSystemAdapters.swift in Sources */,
				924E0F53D5083EB109C87539 /* CompleteDataDeletionTypes.swift in Sources */,
				84BCDF5358940D7CD6033D69 /* Constants.swift in Sources */,
				9BE23A45D1EAD35BC69901D1 /* EffortConstellationView.swift in Sources */,
				56E9D655323D5C4CC06F24FB /* FairnessPolicy.swift in Sources */,
				BECD28DFB89F51458A837186 /* FocusActivityAttributes.swift in Sources */,
				DE9277608433E703D0356FC5 /* FocusActivityManager.swift in Sources */,
				FE17DACC2DE107E1D6D2A5FB /* FocusCloudSync.swift in Sources */,
				5508C4E30BAD24A62678E4C7 /* FocusPersistence.swift in Sources */,
				386CF891C3E45842D98A80AA /* FocusView.swift in Sources */,
				4B164FD3B393C69D3D991615 /* FortyYearDebugScenario.swift in Sources */,
				B5ED8FDD4EFDF1DC55D7E42C /* FortyYearPersistenceHarness.swift in Sources */,
				4194F34DBDC650DE21B876E3 /* FortyYearPersistentUITestFixture.swift in Sources */,
				E9EE5B425C5B48AA8F393B57 /* GachaEngine.swift in Sources */,
				C8E8C119F5BDEB030DF46317 /* Haptics.swift in Sources */,
				DDBAFB7404BF4ABF7933D60D /* HomeProjectionSupport.swift in Sources */,
				CF6975D7354F3678DA133D12 /* HomeView.swift in Sources */,
				B20E0877622EE34DEAB5CAE5 /* IntegrationConstants.swift in Sources */,
				EF2E141C41CBEA7636615763 /* JarScene.swift in Sources */,
				178660AD846DAB2B85188A67 /* JarSnapshotter.swift in Sources */,
				4ADF987F095715053697F344 /* JarSpriteView.swift in Sources */,
				503FA717EAE6AA21EF3C607E /* LogView.swift in Sources */,
				CDCBC694B1024C734116A7FA /* Models.swift in Sources */,
				A3CB88EEB443F848C555865E /* NotificationManager.swift in Sources */,
				DE09BB9E313A2380730AAF97 /* OnboardingView.swift in Sources */,
				15ABA41107A98AB410E87F9D /* PaywallView.swift in Sources */,
				502052977A5D1A9A5404CC80 /* PebbleNode.swift in Sources */,
				538FCA50D38031C5D3E209CC /* PersistenceStoreTopology.swift in Sources */,
				6E498835016DC3DFC00A419A /* PomodoroEngine.swift in Sources */,
				B47DA137A2917A2685E6387B /* ProgressCrystal.swift in Sources */,
				95E12FD57332C8DD050E2009 /* PurchaseManager.swift in Sources */,
				41402D4540054794D3BBE4DA /* RareRewardCloudKitLedgerRepository.swift in Sources */,
				5B0126644FD4304693D55E30 /* RareRewardLedgerLocalState.swift in Sources */,
				94B33D7D12BB0D73F905DEE3 /* RareRewardLedgerV2.swift in Sources */,
				8A43DAA2AE7E45DAC2B57137 /* RootView.swift in Sources */,
				13323BA58284960AEDB234B2 /* SeedData.swift in Sources */,
				6BE5754417F3928192E6F480 /* SettingsView.swift in Sources */,
				A56EC660BE7B02DE58CB9F61 /* ShareActivityItemSource.swift in Sources */,
				06F42572A5C014FB4D4E14E2 /* ShareComposerView.swift in Sources */,
				BBB0D572C45C9EA8B8EA4D6F /* SoundSynth.swift in Sources */,
				5EAF35A8A3A4C3B53DE3CE1E /* StrataMath.swift in Sources */,
				0CA2B9640408052EF6CBB492 /* StrataRenderer.swift in Sources */,
				0E2B5B7B94B6F3B33B8F51D8 /* SubjectNamePolicy.swift in Sources */,
				2556D3D7A4F96C82EDFC1546 /* SyncMaintenance.swift in Sources */,
				C920B13257B6386B3DDDA2AB /* SyncMaintenanceWorker.swift in Sources */,
				11602C1DD119F3C20ACB8CFE /* Theme.swift in Sources */,
				7C4BFB5990FDC9B14BD6A0DE /* TsumibenApp.swift in Sources */,
				5D02334EACA13E654AD79C08 /* TsumibenDataExporter.swift in Sources */,
				8E6DE98D0C70E5E5F7E69853 /* TsumibenLogo.swift in Sources */,
				970E290C033EBE32E39746CA /* UITestFaultInjection.swift in Sources */,
				5D4A0D07F21A4FC2D50235AF /* UsagePurpose.swift in Sources */,
				CF49AE688709884C9670630D /* WidgetSnapshotMetadata.swift in Sources */,
				D0088DFE2AADE0C27024018C /* WidgetSnapshotStore.swift in Sources */,
				FDE362F2053637C72E8B5B06 /* WrappedView.swift in Sources */,
			);
			runOnlyForDeploymentPostprocessing = 0;
		};
		9736704A0E594C1CD4B5DB59 /* Sources */ = {
			isa = PBXSourcesBuildPhase;
			buildActionMask = 2147483647;
			files = (
				015A1C0A7ACD4E859A6C1001 /* FocusLiveActivityWidget.swift in Sources */,
				015A1C0A7ACD4E859A6C1002 /* FocusActivityAttributes.swift in Sources */,
				EBF632EDE955E1C91ADCAD25 /* JarWidgets.swift in Sources */,
				91CA6EC076144C0D78BB06F3 /* TsumibenWidgetsBundle.swift in Sources */,
			);
			runOnlyForDeploymentPostprocessing = 0;
		};
/* End PBXSourcesBuildPhase section */

/* Begin PBXTargetDependency section */
		12F6C8E54F38AAA0CEB42885 /* PBXTargetDependency */ = {
			isa = PBXTargetDependency;
			target = 76AF49875C08E4A3941336A7 /* Tsumiben */;
			targetProxy = 1AA414E3FA663670A3070D39 /* PBXContainerItemProxy */;
		};
		46633C0C608AC0C73054CD8B /* PBXTargetDependency */ = {
			isa = PBXTargetDependency;
			platformFilters = (
				ios,
			);
			target = D74C0F22AD0BBD97BAB02FA4 /* TsumibenWidgets */;
			targetProxy = D74D613E983F432720445824 /* PBXContainerItemProxy */;
		};
		BD71F5583BEA0752C61476B4 /* PBXTargetDependency */ = {
			isa = PBXTargetDependency;
			target = 76AF49875C08E4A3941336A7 /* Tsumiben */;
			targetProxy = 24DDD7F7B7661CBF017A4E44 /* PBXContainerItemProxy */;
		};
/* End PBXTargetDependency section */

/* Begin XCBuildConfiguration section */
		0A029C29E172417139B236DB /* Debug */ = {
			isa = XCBuildConfiguration;
			buildSettings = {
				ALWAYS_SEARCH_USER_PATHS = NO;
				ASSETCATALOG_COMPILER_GLOBAL_ACCENT_COLOR_NAME = AccentColor;
				CLANG_ANALYZER_NONNULL = YES;
				CLANG_ANALYZER_NUMBER_OBJECT_CONVERSION = YES_AGGRESSIVE;
				CLANG_CXX_LANGUAGE_STANDARD = "gnu++14";
				CLANG_CXX_LIBRARY = "libc++";
				CLANG_ENABLE_MODULES = YES;
				CLANG_ENABLE_OBJC_ARC = YES;
				CLANG_ENABLE_OBJC_WEAK = YES;
				CLANG_WARN_BLOCK_CAPTURE_AUTORELEASING = YES;
				CLANG_WARN_BOOL_CONVERSION = YES;
				CLANG_WARN_COMMA = YES;
				CLANG_WARN_CONSTANT_CONVERSION = YES;
				CLANG_WARN_DEPRECATED_OBJC_IMPLEMENTATIONS = YES;
				CLANG_WARN_DIRECT_OBJC_ISA_USAGE = YES_ERROR;
				CLANG_WARN_DOCUMENTATION_COMMENTS = YES;
				CLANG_WARN_EMPTY_BODY = YES;
				CLANG_WARN_ENUM_CONVERSION = YES;
				CLANG_WARN_INFINITE_RECURSION = YES;
				CLANG_WARN_INT_CONVERSION = YES;
				CLANG_WARN_NON_LITERAL_NULL_CONVERSION = YES;
				CLANG_WARN_OBJC_IMPLICIT_RETAIN_SELF = YES;
				CLANG_WARN_OBJC_LITERAL_CONVERSION = YES;
				CLANG_WARN_OBJC_ROOT_CLASS = YES_ERROR;
				CLANG_WARN_QUOTED_INCLUDE_IN_FRAMEWORK_HEADER = YES;
				CLANG_WARN_RANGE_LOOP_ANALYSIS = YES;
				CLANG_WARN_STRICT_PROTOTYPES = YES;
				CLANG_WARN_SUSPICIOUS_MOVE = YES;
				CLANG_WARN_UNGUARDED_AVAILABILITY = YES_AGGRESSIVE;
				CLANG_WARN_UNREACHABLE_CODE = YES;
				CLANG_WARN__DUPLICATE_METHOD_MATCH = YES;
				COPY_PHASE_STRIP = NO;
				CURRENT_PROJECT_VERSION = 4;
				DEBUG_INFORMATION_FORMAT = dwarf;
				ENABLE_STRICT_OBJC_MSGSEND = YES;
				ENABLE_TESTABILITY = YES;
				GCC_C_LANGUAGE_STANDARD = gnu11;
				GCC_DYNAMIC_NO_PIC = NO;
				GCC_NO_COMMON_BLOCKS = YES;
				GCC_OPTIMIZATION_LEVEL = 0;
				GCC_PREPROCESSOR_DEFINITIONS = (
					"$(inherited)",
					"DEBUG=1",
				);
				GCC_WARN_64_TO_32_BIT_CONVERSION = YES;
				GCC_WARN_ABOUT_RETURN_TYPE = YES_ERROR;
				GCC_WARN_UNDECLARED_SELECTOR = YES;
				GCC_WARN_UNINITIALIZED_AUTOS = YES_AGGRESSIVE;
				GCC_WARN_UNUSED_FUNCTION = YES;
				GCC_WARN_UNUSED_VARIABLE = YES;
				GENERATE_INFOPLIST_FILE = YES;
				IPHONEOS_DEPLOYMENT_TARGET = 17.0;
				MARKETING_VERSION = 1.0;
				MTL_ENABLE_DEBUG_INFO = INCLUDE_SOURCE;
				MTL_FAST_MATH = YES;
				ONLY_ACTIVE_ARCH = YES;
				PRODUCT_NAME = "$(TARGET_NAME)";
				SDKROOT = iphoneos;
				SWIFT_ACTIVE_COMPILATION_CONDITIONS = DEBUG;
				SWIFT_OPTIMIZATION_LEVEL = "-Onone";
				SWIFT_VERSION = 5.10;
				TARGETED_DEVICE_FAMILY = 1;
			};
			name = Debug;
		};
		0B61624E7D32053CFE507F1F /* Release */ = {
			isa = XCBuildConfiguration;
			buildSettings = {
				ALWAYS_SEARCH_USER_PATHS = NO;
				ASSETCATALOG_COMPILER_GLOBAL_ACCENT_COLOR_NAME = AccentColor;
				CLANG_ANALYZER_NONNULL = YES;
				CLANG_ANALYZER_NUMBER_OBJECT_CONVERSION = YES_AGGRESSIVE;
				CLANG_CXX_LANGUAGE_STANDARD = "gnu++14";
				CLANG_CXX_LIBRARY = "libc++";
				CLANG_ENABLE_MODULES = YES;
				CLANG_ENABLE_OBJC_ARC = YES;
				CLANG_ENABLE_OBJC_WEAK = YES;
				CLANG_WARN_BLOCK_CAPTURE_AUTORELEASING = YES;
				CLANG_WARN_BOOL_CONVERSION = YES;
				CLANG_WARN_COMMA = YES;
				CLANG_WARN_CONSTANT_CONVERSION = YES;
				CLANG_WARN_DEPRECATED_OBJC_IMPLEMENTATIONS = YES;
				CLANG_WARN_DIRECT_OBJC_ISA_USAGE = YES_ERROR;
				CLANG_WARN_DOCUMENTATION_COMMENTS = YES;
				CLANG_WARN_EMPTY_BODY = YES;
				CLANG_WARN_ENUM_CONVERSION = YES;
				CLANG_WARN_INFINITE_RECURSION = YES;
				CLANG_WARN_INT_CONVERSION = YES;
				CLANG_WARN_NON_LITERAL_NULL_CONVERSION = YES;
				CLANG_WARN_OBJC_IMPLICIT_RETAIN_SELF = YES;
				CLANG_WARN_OBJC_LITERAL_CONVERSION = YES;
				CLANG_WARN_OBJC_ROOT_CLASS = YES_ERROR;
				CLANG_WARN_QUOTED_INCLUDE_IN_FRAMEWORK_HEADER = YES;
				CLANG_WARN_RANGE_LOOP_ANALYSIS = YES;
				CLANG_WARN_STRICT_PROTOTYPES = YES;
				CLANG_WARN_SUSPICIOUS_MOVE = YES;
				CLANG_WARN_UNGUARDED_AVAILABILITY = YES_AGGRESSIVE;
				CLANG_WARN_UNREACHABLE_CODE = YES;
				CLANG_WARN__DUPLICATE_METHOD_MATCH = YES;
				COPY_PHASE_STRIP = NO;
				CURRENT_PROJECT_VERSION = 4;
				DEBUG_INFORMATION_FORMAT = "dwarf-with-dsym";
				ENABLE_NS_ASSERTIONS = NO;
				ENABLE_STRICT_OBJC_MSGSEND = YES;
				GCC_C_LANGUAGE_STANDARD = gnu11;
				GCC_NO_COMMON_BLOCKS = YES;
				GCC_WARN_64_TO_32_BIT_CONVERSION = YES;
				GCC_WARN_ABOUT_RETURN_TYPE = YES_ERROR;
				GCC_WARN_UNDECLARED_SELECTOR = YES;
				GCC_WARN_UNINITIALIZED_AUTOS = YES_AGGRESSIVE;
				GCC_WARN_UNUSED_FUNCTION = YES;
				GCC_WARN_UNUSED_VARIABLE = YES;
				GENERATE_INFOPLIST_FILE = YES;
				IPHONEOS_DEPLOYMENT_TARGET = 17.0;
				MARKETING_VERSION = 1.0;
				MTL_ENABLE_DEBUG_INFO = NO;
				MTL_FAST_MATH = YES;
				PRODUCT_NAME = "$(TARGET_NAME)";
				SDKROOT = iphoneos;
				SWIFT_COMPILATION_MODE = wholemodule;
				SWIFT_OPTIMIZATION_LEVEL = "-O";
				SWIFT_VERSION = 5.10;
				TARGETED_DEVICE_FAMILY = 1;
			};
			name = Release;
		};
		2356EB2A5894D98263CD3B6F /* Debug */ = {
			isa = XCBuildConfiguration;
			buildSettings = {
				APS_ENVIRONMENT = development;
				ASSETCATALOG_COMPILER_APPICON_NAME = AppIcon;
				CODE_SIGN_ENTITLEMENTS = Tsumiben/Tsumiben.entitlements;
				CODE_SIGN_IDENTITY = "iPhone Developer";
				CODE_SIGN_STYLE = Automatic;
				ICLOUD_CONTAINER_ENVIRONMENT = Development;
				INFOPLIST_FILE = Tsumiben/Info.plist;
				LD_RUNPATH_SEARCH_PATHS = (
					"$(inherited)",
					"@executable_path/Frameworks",
				);
				PRODUCT_BUNDLE_IDENTIFIER = com.hinoshiba.tumiben;
				PRODUCT_NAME = Tsumiben;
				SDKROOT = iphoneos;
				SUPPORTED_PLATFORMS = "iphoneos iphonesimulator";
				SUPPORTS_MACCATALYST = NO;
				SUPPORTS_MAC_DESIGNED_FOR_IPHONE_IPAD = NO;
				SUPPORTS_XR_DESIGNED_FOR_IPHONE_IPAD = NO;
				TARGETED_DEVICE_FAMILY = 1;
			};
			name = Debug;
		};
		27C5A4D7FBA923DF30B70F09 /* Release */ = {
			isa = XCBuildConfiguration;
			buildSettings = {
				BUNDLE_LOADER = "$(TEST_HOST)";
				GENERATE_INFOPLIST_FILE = YES;
				LD_RUNPATH_SEARCH_PATHS = (
					"$(inherited)",
					"@executable_path/Frameworks",
					"@loader_path/Frameworks",
				);
				PRODUCT_BUNDLE_IDENTIFIER = com.hinoshiba.tumiben.uitests;
				SDKROOT = iphoneos;
				TARGETED_DEVICE_FAMILY = 1;
				TEST_TARGET_NAME = Tsumiben;
			};
			name = Release;
		};
		2E587D3B958DAD5EDF589666 /* Release */ = {
			isa = XCBuildConfiguration;
			buildSettings = {
				CODE_SIGN_STYLE = Automatic;
				INFOPLIST_FILE = TsumibenWidgets/Info.plist;
				LD_RUNPATH_SEARCH_PATHS = (
					"$(inherited)",
					"@executable_path/Frameworks",
					"@executable_path/../../Frameworks",
				);
				PRODUCT_BUNDLE_IDENTIFIER = com.hinoshiba.tumiben.widgets;
				PRODUCT_NAME = TsumibenWidgets;
				SDKROOT = iphoneos;
				SKIP_INSTALL = YES;
				SUPPORTS_MACCATALYST = NO;
				SUPPORTS_MAC_DESIGNED_FOR_IPHONE_IPAD = NO;
				SUPPORTS_XR_DESIGNED_FOR_IPHONE_IPAD = NO;
				TARGETED_DEVICE_FAMILY = 1;
			};
			name = Release;
		};
		9AEC59D174009A55F6FFB2B7 /* Debug */ = {
			isa = XCBuildConfiguration;
			buildSettings = {
				BUNDLE_LOADER = "$(TEST_HOST)";
				GENERATE_INFOPLIST_FILE = YES;
				LD_RUNPATH_SEARCH_PATHS = (
					"$(inherited)",
					"@executable_path/Frameworks",
					"@loader_path/Frameworks",
				);
				PRODUCT_BUNDLE_IDENTIFIER = com.hinoshiba.tumiben.tests;
				SDKROOT = iphoneos;
				TARGETED_DEVICE_FAMILY = 1;
				TEST_HOST = "$(BUILT_PRODUCTS_DIR)/Tsumiben.app/$(BUNDLE_EXECUTABLE_FOLDER_PATH)/Tsumiben";
			};
			name = Debug;
		};
		A9A9E5A5483DB0113D556109 /* Debug */ = {
			isa = XCBuildConfiguration;
			buildSettings = {
				BUNDLE_LOADER = "$(TEST_HOST)";
				GENERATE_INFOPLIST_FILE = YES;
				LD_RUNPATH_SEARCH_PATHS = (
					"$(inherited)",
					"@executable_path/Frameworks",
					"@loader_path/Frameworks",
				);
				PRODUCT_BUNDLE_IDENTIFIER = com.hinoshiba.tumiben.uitests;
				SDKROOT = iphoneos;
				TARGETED_DEVICE_FAMILY = 1;
				TEST_TARGET_NAME = Tsumiben;
			};
			name = Debug;
		};
		BFCEB2CDBCE06D20F408A59B /* Release */ = {
			isa = XCBuildConfiguration;
			buildSettings = {
				BUNDLE_LOADER = "$(TEST_HOST)";
				GENERATE_INFOPLIST_FILE = YES;
				LD_RUNPATH_SEARCH_PATHS = (
					"$(inherited)",
					"@executable_path/Frameworks",
					"@loader_path/Frameworks",
				);
				PRODUCT_BUNDLE_IDENTIFIER = com.hinoshiba.tumiben.tests;
				SDKROOT = iphoneos;
				TARGETED_DEVICE_FAMILY = 1;
				TEST_HOST = "$(BUILT_PRODUCTS_DIR)/Tsumiben.app/$(BUNDLE_EXECUTABLE_FOLDER_PATH)/Tsumiben";
			};
			name = Release;
		};
		E6B0528E19EBA8453E0A7390 /* Release */ = {
			isa = XCBuildConfiguration;
			buildSettings = {
				APS_ENVIRONMENT = production;
				ASSETCATALOG_COMPILER_APPICON_NAME = AppIcon;
				CODE_SIGN_ENTITLEMENTS = Tsumiben/Tsumiben.entitlements;
				CODE_SIGN_IDENTITY = "iPhone Developer";
				CODE_SIGN_STYLE = Automatic;
				ICLOUD_CONTAINER_ENVIRONMENT = Production;
				INFOPLIST_FILE = Tsumiben/Info.plist;
				LD_RUNPATH_SEARCH_PATHS = (
					"$(inherited)",
					"@executable_path/Frameworks",
				);
				PRODUCT_BUNDLE_IDENTIFIER = com.hinoshiba.tumiben;
				PRODUCT_NAME = Tsumiben;
				SDKROOT = iphoneos;
				SUPPORTED_PLATFORMS = "iphoneos iphonesimulator";
				SUPPORTS_MACCATALYST = NO;
				SUPPORTS_MAC_DESIGNED_FOR_IPHONE_IPAD = NO;
				SUPPORTS_XR_DESIGNED_FOR_IPHONE_IPAD = NO;
				TARGETED_DEVICE_FAMILY = 1;
			};
			name = Release;
		};
		ED1709147999163FEBF321DB /* Debug */ = {
			isa = XCBuildConfiguration;
			buildSettings = {
				CODE_SIGN_STYLE = Automatic;
				INFOPLIST_FILE = TsumibenWidgets/Info.plist;
				LD_RUNPATH_SEARCH_PATHS = (
					"$(inherited)",
					"@executable_path/Frameworks",
					"@executable_path/../../Frameworks",
				);
				PRODUCT_BUNDLE_IDENTIFIER = com.hinoshiba.tumiben.widgets;
				PRODUCT_NAME = TsumibenWidgets;
				SDKROOT = iphoneos;
				SKIP_INSTALL = YES;
				SUPPORTS_MACCATALYST = NO;
				SUPPORTS_MAC_DESIGNED_FOR_IPHONE_IPAD = NO;
				SUPPORTS_XR_DESIGNED_FOR_IPHONE_IPAD = NO;
				TARGETED_DEVICE_FAMILY = 1;
			};
			name = Debug;
		};
/* End XCBuildConfiguration section */

/* Begin XCConfigurationList section */
		0DB1597F0176DA6C3FA16EEF /* Build configuration list for PBXProject "Tsumiben" */ = {
			isa = XCConfigurationList;
			buildConfigurations = (
				0A029C29E172417139B236DB /* Debug */,
				0B61624E7D32053CFE507F1F /* Release */,
			);
			defaultConfigurationIsVisible = 0;
			defaultConfigurationName = Debug;
		};
		59D6F1D9D857D913974DD3D0 /* Build configuration list for PBXNativeTarget "TsumibenWidgets" */ = {
			isa = XCConfigurationList;
			buildConfigurations = (
				ED1709147999163FEBF321DB /* Debug */,
				2E587D3B958DAD5EDF589666 /* Release */,
			);
			defaultConfigurationIsVisible = 0;
			defaultConfigurationName = Debug;
		};
		65E0AD73493DA646BF286AA4 /* Build configuration list for PBXNativeTarget "TsumibenTests" */ = {
			isa = XCConfigurationList;
			buildConfigurations = (
				9AEC59D174009A55F6FFB2B7 /* Debug */,
				BFCEB2CDBCE06D20F408A59B /* Release */,
			);
			defaultConfigurationIsVisible = 0;
			defaultConfigurationName = Debug;
		};
		71376D8AC64557D92D70A8CE /* Build configuration list for PBXNativeTarget "Tsumiben" */ = {
			isa = XCConfigurationList;
			buildConfigurations = (
				2356EB2A5894D98263CD3B6F /* Debug */,
				E6B0528E19EBA8453E0A7390 /* Release */,
			);
			defaultConfigurationIsVisible = 0;
			defaultConfigurationName = Debug;
		};
		E3689085DCB3239C266A29A0 /* Build configuration list for PBXNativeTarget "TsumibenUITests" */ = {
			isa = XCConfigurationList;
			buildConfigurations = (
				A9A9E5A5483DB0113D556109 /* Debug */,
				27C5A4D7FBA923DF30B70F09 /* Release */,
			);
			defaultConfigurationIsVisible = 0;
			defaultConfigurationName = Debug;
		};
/* End XCConfigurationList section */
	};
	rootObject = 192D5E1C7274C4B6707535EF /* Project object */;
}
